
Microsoft Visual Studio Solution File, Format Version 12.00
# Visual Studio Version 16
Project("{2150E333-8FDC-42A3-9474-1A3956D46DE8}") = "CMakePredefinedTargets", "CMakePredefinedTargets", "{6CF00E35-8735-3294-8EE7-3EE35D6943B1}"
EndProject
Project("{2150E333-8FDC-42A3-9474-1A3956D46DE8}") = "GLFW3", "GLFW3", "{69A2C979-5773-336C-AE1B-93C7A282DFF8}"
EndProject
Project("{2150E333-8FDC-42A3-9474-1A3956D46DE8}") = "Examples", "GLFW3\Examples", "{5520DFDE-32E8-331A-A6B5-298E3483CD3C}"
EndProject
Project("{2150E333-8FDC-42A3-9474-1A3956D46DE8}") = "Tests", "GLFW3\Tests", "{B0D378BF-BA2B-3704-9DE9-CE1676D9BD33}"
EndProject
Project("{8BC9CEB8-8B4A-11D0-8D11-00A0C91BC942}") = "ALL_BUILD", "ALL_BUILD.vcxproj", "{4071C415-BF7B-361A-B897-0379DD2878E3}"
	ProjectSection(ProjectDependencies) = postProject
		{21BC8FAB-2F77-3F7F-B26D-595AF532ADA3} = {21BC8FAB-2F77-3F7F-B26D-595AF532ADA3}
		{A7BB66CF-F1E1-3EAB-BEC7-99715DD74A80} = {A7BB66CF-F1E1-3EAB-BEC7-99715DD74A80}
		{00B19E94-C232-3975-9E89-A1EEF29D3EC5} = {00B19E94-C232-3975-9E89-A1EEF29D3EC5}
		{44FD10A5-BE97-351F-9441-F2BD6968D3C1} = {44FD10A5-BE97-351F-9441-F2BD6968D3C1}
		{845E0954-52D9-3B5F-9E5B-733B3628C83E} = {845E0954-52D9-3B5F-9E5B-733B3628C83E}
		{518DD689-7B4D-38D6-9D91-347F95B828C4} = {518DD689-7B4D-38D6-9D91-347F95B828C4}
		{99B40A78-96F7-311A-92C4-3224AA5A4DBA} = {99B40A78-96F7-311A-92C4-3224AA5A4DBA}
		{AD6D27AA-C51B-374C-A30F-35104D07612F} = {AD6D27AA-C51B-374C-A30F-35104D07612F}
		{7F47D25B-069C-3DFC-9625-E609A677A15E} = {7F47D25B-069C-3DFC-9625-E609A677A15E}
		{6D89DB8E-721A-3C19-AC16-64B6529C2BC0} = {6D89DB8E-721A-3C19-AC16-64B6529C2BC0}
		{AC86D570-6AA0-3CF9-A9EE-9BE5A07E7181} = {AC86D570-6AA0-3CF9-A9EE-9BE5A07E7181}
		{C6B2FE89-B9A0-39BA-A00A-527E076F314D} = {C6B2FE89-B9A0-39BA-A00A-527E076F314D}
		{F94CEE67-713F-3204-B941-18A578AE9E18} = {F94CEE67-713F-3204-B941-18A578AE9E18}
		{5A105AE7-FE52-32C6-9480-E43594775A37} = {5A105AE7-FE52-32C6-9480-E43594775A37}
		{53EBC2D0-FC65-382E-B9DE-2E87FC47757F} = {53EBC2D0-FC65-382E-B9DE-2E87FC47757F}
		{10B6B748-244B-3FAF-895F-E2B64EE7FA41} = {10B6B748-244B-3FAF-895F-E2B64EE7FA41}
		{6BF96425-658B-3B8C-8966-0CF0A2C9101F} = {6BF96425-658B-3B8C-8966-0CF0A2C9101F}
		{C85B6C0C-7FE4-326F-A91B-C03A41E8D7CE} = {C85B6C0C-7FE4-326F-A91B-C03A41E8D7CE}
		{019491F1-D225-3F76-B571-AC263899324C} = {019491F1-D225-3F76-B571-AC263899324C}
		{80876117-4432-3F40-9BDE-DF389BD1A9D6} = {80876117-4432-3F40-9BDE-DF389BD1A9D6}
		{1B175EBF-896E-3586-BA11-7B5FAA67E0C8} = {1B175EBF-896E-3586-BA11-7B5FAA67E0C8}
		{4C09F658-5417-3D3F-9089-F84DFE40B827} = {4C09F658-5417-3D3F-9089-F84DFE40B827}
		{A045E89E-10C8-35B4-AF14-6AB8C8FC3531} = {A045E89E-10C8-35B4-AF14-6AB8C8FC3531}
		{C92C8C30-C7E4-378F-A8B6-B89526C49B11} = {C92C8C30-C7E4-378F-A8B6-B89526C49B11}
		{73D5BD34-5978-3929-B8FD-12CC02DC540D} = {73D5BD34-5978-3929-B8FD-12CC02DC540D}
		{196474C6-B2EE-3B24-BC1E-7A97DD396478} = {196474C6-B2EE-3B24-BC1E-7A97DD396478}
		{10ACA704-7E16-3AE1-8B4A-2F800E3006F8} = {10ACA704-7E16-3AE1-8B4A-2F800E3006F8}
		{0ABD7182-60B8-32F1-8013-7C9939C33E1C} = {0ABD7182-60B8-32F1-8013-7C9939C33E1C}
		{CCB601CB-2EC7-3033-A3EB-72D05D29ED5C} = {CCB601CB-2EC7-3033-A3EB-72D05D29ED5C}
		{691A035F-2C4A-3BE6-BF86-7F302E9FAABD} = {691A035F-2C4A-3BE6-BF86-7F302E9FAABD}
		{26478B64-000F-3F8D-BDDD-28B70B3327FA} = {26478B64-000F-3F8D-BDDD-28B70B3327FA}
	EndProjectSection
EndProject
Project("{8BC9CEB8-8B4A-11D0-8D11-00A0C91BC942}") = "INSTALL", "INSTALL.vcxproj", "{7648947D-990D-38FF-8AEA-6846D28A4C87}"
	ProjectSection(ProjectDependencies) = postProject
		{4071C415-BF7B-361A-B897-0379DD2878E3} = {4071C415-BF7B-361A-B897-0379DD2878E3}
		{21BC8FAB-2F77-3F7F-B26D-595AF532ADA3} = {21BC8FAB-2F77-3F7F-B26D-595AF532ADA3}
	EndProjectSection
EndProject
Project("{8BC9CEB8-8B4A-11D0-8D11-00A0C91BC942}") = "ZERO_CHECK", "ZERO_CHECK.vcxproj", "{21BC8FAB-2F77-3F7F-B26D-595AF532ADA3}"
	ProjectSection(ProjectDependencies) = postProject
	EndProjectSection
EndProject
Project("{8BC9CEB8-8B4A-11D0-8D11-00A0C91BC942}") = "boing", "examples\boing.vcxproj", "{A7BB66CF-F1E1-3EAB-BEC7-99715DD74A80}"
	ProjectSection(ProjectDependencies) = postProject
		{21BC8FAB-2F77-3F7F-B26D-595AF532ADA3} = {21BC8FAB-2F77-3F7F-B26D-595AF532ADA3}
		{7F47D25B-069C-3DFC-9625-E609A677A15E} = {7F47D25B-069C-3DFC-9625-E609A677A15E}
	EndProjectSection
EndProject
Project("{8BC9CEB8-8B4A-11D0-8D11-00A0C91BC942}") = "clipboard", "tests\clipboard.vcxproj", "{00B19E94-C232-3975-9E89-A1EEF29D3EC5}"
	ProjectSection(ProjectDependencies) = postProject
		{21BC8FAB-2F77-3F7F-B26D-595AF532ADA3} = {21BC8FAB-2F77-3F7F-B26D-595AF532ADA3}
		{7F47D25B-069C-3DFC-9625-E609A677A15E} = {7F47D25B-069C-3DFC-9625-E609A677A15E}
	EndProjectSection
EndProject
Project("{8BC9CEB8-8B4A-11D0-8D11-00A0C91BC942}") = "cursor", "tests\cursor.vcxproj", "{44FD10A5-BE97-351F-9441-F2BD6968D3C1}"
	ProjectSection(ProjectDependencies) = postProject
		{21BC8FAB-2F77-3F7F-B26D-595AF532ADA3} = {21BC8FAB-2F77-3F7F-B26D-595AF532ADA3}
		{7F47D25B-069C-3DFC-9625-E609A677A15E} = {7F47D25B-069C-3DFC-9625-E609A677A15E}
	EndProjectSection
EndProject
Project("{8BC9CEB8-8B4A-11D0-8D11-00A0C91BC942}") = "empty", "tests\empty.vcxproj", "{845E0954-52D9-3B5F-9E5B-733B3628C83E}"
	ProjectSection(ProjectDependencies) = postProject
		{21BC8FAB-2F77-3F7F-B26D-595AF532ADA3} = {21BC8FAB-2F77-3F7F-B26D-595AF532ADA3}
		{7F47D25B-069C-3DFC-9625-E609A677A15E} = {7F47D25B-069C-3DFC-9625-E609A677A15E}
	EndProjectSection
EndProject
Project("{8BC9CEB8-8B4A-11D0-8D11-00A0C91BC942}") = "events", "tests\events.vcxproj", "{518DD689-7B4D-38D6-9D91-347F95B828C4}"
	ProjectSection(ProjectDependencies) = postProject
		{21BC8FAB-2F77-3F7F-B26D-595AF532ADA3} = {21BC8FAB-2F77-3F7F-B26D-595AF532ADA3}
		{7F47D25B-069C-3DFC-9625-E609A677A15E} = {7F47D25B-069C-3DFC-9625-E609A677A15E}
	EndProjectSection
EndProject
Project("{8BC9CEB8-8B4A-11D0-8D11-00A0C91BC942}") = "gamma", "tests\gamma.vcxproj", "{99B40A78-96F7-311A-92C4-3224AA5A4DBA}"
	ProjectSection(ProjectDependencies) = postProject
		{21BC8FAB-2F77-3F7F-B26D-595AF532ADA3} = {21BC8FAB-2F77-3F7F-B26D-595AF532ADA3}
		{7F47D25B-069C-3DFC-9625-E609A677A15E} = {7F47D25B-069C-3DFC-9625-E609A677A15E}
	EndProjectSection
EndProject
Project("{8BC9CEB8-8B4A-11D0-8D11-00A0C91BC942}") = "gears", "examples\gears.vcxproj", "{AD6D27AA-C51B-374C-A30F-35104D07612F}"
	ProjectSection(ProjectDependencies) = postProject
		{21BC8FAB-2F77-3F7F-B26D-595AF532ADA3} = {21BC8FAB-2F77-3F7F-B26D-595AF532ADA3}
		{7F47D25B-069C-3DFC-9625-E609A677A15E} = {7F47D25B-069C-3DFC-9625-E609A677A15E}
	EndProjectSection
EndProject
Project("{8BC9CEB8-8B4A-11D0-8D11-00A0C91BC942}") = "glfw", "src\glfw.vcxproj", "{7F47D25B-069C-3DFC-9625-E609A677A15E}"
	ProjectSection(ProjectDependencies) = postProject
		{21BC8FAB-2F77-3F7F-B26D-595AF532ADA3} = {21BC8FAB-2F77-3F7F-B26D-595AF532ADA3}
	EndProjectSection
EndProject
Project("{8BC9CEB8-8B4A-11D0-8D11-00A0C91BC942}") = "glfwinfo", "tests\glfwinfo.vcxproj", "{6D89DB8E-721A-3C19-AC16-64B6529C2BC0}"
	ProjectSection(ProjectDependencies) = postProject
		{21BC8FAB-2F77-3F7F-B26D-595AF532ADA3} = {21BC8FAB-2F77-3F7F-B26D-595AF532ADA3}
		{7F47D25B-069C-3DFC-9625-E609A677A15E} = {7F47D25B-069C-3DFC-9625-E609A677A15E}
	EndProjectSection
EndProject
Project("{8BC9CEB8-8B4A-11D0-8D11-00A0C91BC942}") = "heightmap", "examples\heightmap.vcxproj", "{AC86D570-6AA0-3CF9-A9EE-9BE5A07E7181}"
	ProjectSection(ProjectDependencies) = postProject
		{21BC8FAB-2F77-3F7F-B26D-595AF532ADA3} = {21BC8FAB-2F77-3F7F-B26D-595AF532ADA3}
		{7F47D25B-069C-3DFC-9625-E609A677A15E} = {7F47D25B-069C-3DFC-9625-E609A677A15E}
	EndProjectSection
EndProject
Project("{8BC9CEB8-8B4A-11D0-8D11-00A0C91BC942}") = "icon", "tests\icon.vcxproj", "{C6B2FE89-B9A0-39BA-A00A-527E076F314D}"
	ProjectSection(ProjectDependencies) = postProject
		{21BC8FAB-2F77-3F7F-B26D-595AF532ADA3} = {21BC8FAB-2F77-3F7F-B26D-595AF532ADA3}
		{7F47D25B-069C-3DFC-9625-E609A677A15E} = {7F47D25B-069C-3DFC-9625-E609A677A15E}
	EndProjectSection
EndProject
Project("{8BC9CEB8-8B4A-11D0-8D11-00A0C91BC942}") = "iconify", "tests\iconify.vcxproj", "{F94CEE67-713F-3204-B941-18A578AE9E18}"
	ProjectSection(ProjectDependencies) = postProject
		{21BC8FAB-2F77-3F7F-B26D-595AF532ADA3} = {21BC8FAB-2F77-3F7F-B26D-595AF532ADA3}
		{7F47D25B-069C-3DFC-9625-E609A677A15E} = {7F47D25B-069C-3DFC-9625-E609A677A15E}
	EndProjectSection
EndProject
Project("{8BC9CEB8-8B4A-11D0-8D11-00A0C91BC942}") = "inputlag", "tests\inputlag.vcxproj", "{5A105AE7-FE52-32C6-9480-E43594775A37}"
	ProjectSection(ProjectDependencies) = postProject
		{21BC8FAB-2F77-3F7F-B26D-595AF532ADA3} = {21BC8FAB-2F77-3F7F-B26D-595AF532ADA3}
		{7F47D25B-069C-3DFC-9625-E609A677A15E} = {7F47D25B-069C-3DFC-9625-E609A677A15E}
	EndProjectSection
EndProject
Project("{8BC9CEB8-8B4A-11D0-8D11-00A0C91BC942}") = "joysticks", "tests\joysticks.vcxproj", "{53EBC2D0-FC65-382E-B9DE-2E87FC47757F}"
	ProjectSection(ProjectDependencies) = postProject
		{21BC8FAB-2F77-3F7F-B26D-595AF532ADA3} = {21BC8FAB-2F77-3F7F-B26D-595AF532ADA3}
		{7F47D25B-069C-3DFC-9625-E609A677A15E} = {7F47D25B-069C-3DFC-9625-E609A677A15E}
	EndProjectSection
EndProject
Project("{8BC9CEB8-8B4A-11D0-8D11-00A0C91BC942}") = "monitors", "tests\monitors.vcxproj", "{10B6B748-244B-3FAF-895F-E2B64EE7FA41}"
	ProjectSection(ProjectDependencies) = postProject
		{21BC8FAB-2F77-3F7F-B26D-595AF532ADA3} = {21BC8FAB-2F77-3F7F-B26D-595AF532ADA3}
		{7F47D25B-069C-3DFC-9625-E609A677A15E} = {7F47D25B-069C-3DFC-9625-E609A677A15E}
	EndProjectSection
EndProject
Project("{8BC9CEB8-8B4A-11D0-8D11-00A0C91BC942}") = "msaa", "tests\msaa.vcxproj", "{6BF96425-658B-3B8C-8966-0CF0A2C9101F}"
	ProjectSection(ProjectDependencies) = postProject
		{21BC8FAB-2F77-3F7F-B26D-595AF532ADA3} = {21BC8FAB-2F77-3F7F-B26D-595AF532ADA3}
		{7F47D25B-069C-3DFC-9625-E609A677A15E} = {7F47D25B-069C-3DFC-9625-E609A677A15E}
	EndProjectSection
EndProject
Project("{8BC9CEB8-8B4A-11D0-8D11-00A0C91BC942}") = "offscreen", "examples\offscreen.vcxproj", "{C85B6C0C-7FE4-326F-A91B-C03A41E8D7CE}"
	ProjectSection(ProjectDependencies) = postProject
		{21BC8FAB-2F77-3F7F-B26D-595AF532ADA3} = {21BC8FAB-2F77-3F7F-B26D-595AF532ADA3}
		{7F47D25B-069C-3DFC-9625-E609A677A15E} = {7F47D25B-069C-3DFC-9625-E609A677A15E}
	EndProjectSection
EndProject
Project("{8BC9CEB8-8B4A-11D0-8D11-00A0C91BC942}") = "opacity", "tests\opacity.vcxproj", "{019491F1-D225-3F76-B571-AC263899324C}"
	ProjectSection(ProjectDependencies) = postProject
		{21BC8FAB-2F77-3F7F-B26D-595AF532ADA3} = {21BC8FAB-2F77-3F7F-B26D-595AF532ADA3}
		{7F47D25B-069C-3DFC-9625-E609A677A15E} = {7F47D25B-069C-3DFC-9625-E609A677A15E}
	EndProjectSection
EndProject
Project("{8BC9CEB8-8B4A-11D0-8D11-00A0C91BC942}") = "particles", "examples\particles.vcxproj", "{80876117-4432-3F40-9BDE-DF389BD1A9D6}"
	ProjectSection(ProjectDependencies) = postProject
		{21BC8FAB-2F77-3F7F-B26D-595AF532ADA3} = {21BC8FAB-2F77-3F7F-B26D-595AF532ADA3}
		{7F47D25B-069C-3DFC-9625-E609A677A15E} = {7F47D25B-069C-3DFC-9625-E609A677A15E}
	EndProjectSection
EndProject
Project("{8BC9CEB8-8B4A-11D0-8D11-00A0C91BC942}") = "reopen", "tests\reopen.vcxproj", "{1B175EBF-896E-3586-BA11-7B5FAA67E0C8}"
	ProjectSection(ProjectDependencies) = postProject
		{21BC8FAB-2F77-3F7F-B26D-595AF532ADA3} = {21BC8FAB-2F77-3F7F-B26D-595AF532ADA3}
		{7F47D25B-069C-3DFC-9625-E609A677A15E} = {7F47D25B-069C-3DFC-9625-E609A677A15E}
	EndProjectSection
EndProject
Project("{8BC9CEB8-8B4A-11D0-8D11-00A0C91BC942}") = "sharing", "examples\sharing.vcxproj", "{4C09F658-5417-3D3F-9089-F84DFE40B827}"
	ProjectSection(ProjectDependencies) = postProject
		{21BC8FAB-2F77-3F7F-B26D-595AF532ADA3} = {21BC8FAB-2F77-3F7F-B26D-595AF532ADA3}
		{7F47D25B-069C-3DFC-9625-E609A677A15E} = {7F47D25B-069C-3DFC-9625-E609A677A15E}
	EndProjectSection
EndProject
Project("{8BC9CEB8-8B4A-11D0-8D11-00A0C91BC942}") = "simple", "examples\simple.vcxproj", "{A045E89E-10C8-35B4-AF14-6AB8C8FC3531}"
	ProjectSection(ProjectDependencies) = postProject
		{21BC8FAB-2F77-3F7F-B26D-595AF532ADA3} = {21BC8FAB-2F77-3F7F-B26D-595AF532ADA3}
		{7F47D25B-069C-3DFC-9625-E609A677A15E} = {7F47D25B-069C-3DFC-9625-E609A677A15E}
	EndProjectSection
EndProject
Project("{8BC9CEB8-8B4A-11D0-8D11-00A0C91BC942}") = "splitview", "examples\splitview.vcxproj", "{C92C8C30-C7E4-378F-A8B6-B89526C49B11}"
	ProjectSection(ProjectDependencies) = postProject
		{21BC8FAB-2F77-3F7F-B26D-595AF532ADA3} = {21BC8FAB-2F77-3F7F-B26D-595AF532ADA3}
		{7F47D25B-069C-3DFC-9625-E609A677A15E} = {7F47D25B-069C-3DFC-9625-E609A677A15E}
	EndProjectSection
EndProject
Project("{8BC9CEB8-8B4A-11D0-8D11-00A0C91BC942}") = "tearing", "tests\tearing.vcxproj", "{73D5BD34-5978-3929-B8FD-12CC02DC540D}"
	ProjectSection(ProjectDependencies) = postProject
		{21BC8FAB-2F77-3F7F-B26D-595AF532ADA3} = {21BC8FAB-2F77-3F7F-B26D-595AF532ADA3}
		{7F47D25B-069C-3DFC-9625-E609A677A15E} = {7F47D25B-069C-3DFC-9625-E609A677A15E}
	EndProjectSection
EndProject
Project("{8BC9CEB8-8B4A-11D0-8D11-00A0C91BC942}") = "threads", "tests\threads.vcxproj", "{196474C6-B2EE-3B24-BC1E-7A97DD396478}"
	ProjectSection(ProjectDependencies) = postProject
		{21BC8FAB-2F77-3F7F-B26D-595AF532ADA3} = {21BC8FAB-2F77-3F7F-B26D-595AF532ADA3}
		{7F47D25B-069C-3DFC-9625-E609A677A15E} = {7F47D25B-069C-3DFC-9625-E609A677A15E}
	EndProjectSection
EndProject
Project("{8BC9CEB8-8B4A-11D0-8D11-00A0C91BC942}") = "timeout", "tests\timeout.vcxproj", "{10ACA704-7E16-3AE1-8B4A-2F800E3006F8}"
	ProjectSection(ProjectDependencies) = postProject
		{21BC8FAB-2F77-3F7F-B26D-595AF532ADA3} = {21BC8FAB-2F77-3F7F-B26D-595AF532ADA3}
		{7F47D25B-069C-3DFC-9625-E609A677A15E} = {7F47D25B-069C-3DFC-9625-E609A677A15E}
	EndProjectSection
EndProject
Project("{8BC9CEB8-8B4A-11D0-8D11-00A0C91BC942}") = "title", "tests\title.vcxproj", "{0ABD7182-60B8-32F1-8013-7C9939C33E1C}"
	ProjectSection(ProjectDependencies) = postProject
		{21BC8FAB-2F77-3F7F-B26D-595AF532ADA3} = {21BC8FAB-2F77-3F7F-B26D-595AF532ADA3}
		{7F47D25B-069C-3DFC-9625-E609A677A15E} = {7F47D25B-069C-3DFC-9625-E609A677A15E}
	EndProjectSection
EndProject
Project("{8BC9CEB8-8B4A-11D0-8D11-00A0C91BC942}") = "triangle-vulkan", "tests\triangle-vulkan.vcxproj", "{CCB601CB-2EC7-3033-A3EB-72D05D29ED5C}"
	ProjectSection(ProjectDependencies) = postProject
		{21BC8FAB-2F77-3F7F-B26D-595AF532ADA3} = {21BC8FAB-2F77-3F7F-B26D-595AF532ADA3}
		{7F47D25B-069C-3DFC-9625-E609A677A15E} = {7F47D25B-069C-3DFC-9625-E609A677A15E}
	EndProjectSection
EndProject
Project("{8BC9CEB8-8B4A-11D0-8D11-00A0C91BC942}") = "uninstall", "uninstall.vcxproj", "{7DD9C88D-E484-3DB9-A90A-43CFDDF689CD}"
	ProjectSection(ProjectDependencies) = postProject
		{21BC8FAB-2F77-3F7F-B26D-595AF532ADA3} = {21BC8FAB-2F77-3F7F-B26D-595AF532ADA3}
	EndProjectSection
EndProject
Project("{8BC9CEB8-8B4A-11D0-8D11-00A0C91BC942}") = "wave", "examples\wave.vcxproj", "{691A035F-2C4A-3BE6-BF86-7F302E9FAABD}"
	ProjectSection(ProjectDependencies) = postProject
		{21BC8FAB-2F77-3F7F-B26D-595AF532ADA3} = {21BC8FAB-2F77-3F7F-B26D-595AF532ADA3}
		{7F47D25B-069C-3DFC-9625-E609A677A15E} = {7F47D25B-069C-3DFC-9625-E609A677A15E}
	EndProjectSection
EndProject
Project("{8BC9CEB8-8B4A-11D0-8D11-00A0C91BC942}") = "windows", "tests\windows.vcxproj", "{26478B64-000F-3F8D-BDDD-28B70B3327FA}"
	ProjectSection(ProjectDependencies) = postProject
		{21BC8FAB-2F77-3F7F-B26D-595AF532ADA3} = {21BC8FAB-2F77-3F7F-B26D-595AF532ADA3}
		{7F47D25B-069C-3DFC-9625-E609A677A15E} = {7F47D25B-069C-3DFC-9625-E609A677A15E}
	EndProjectSection
EndProject
Global
	GlobalSection(SolutionConfigurationPlatforms) = preSolution
		Debug|x64 = Debug|x64
		Release|x64 = Release|x64
		MinSizeRel|x64 = MinSizeRel|x64
		RelWithDebInfo|x64 = RelWithDebInfo|x64
	EndGlobalSection
	GlobalSection(ProjectConfigurationPlatforms) = postSolution
		{4071C415-BF7B-361A-B897-0379DD2878E3}.Debug|x64.ActiveCfg = Debug|x64
		{4071C415-BF7B-361A-B897-0379DD2878E3}.Debug|x64.Build.0 = Debug|x64
		{4071C415-BF7B-361A-B897-0379DD2878E3}.Release|x64.ActiveCfg = Release|x64
		{4071C415-BF7B-361A-B897-0379DD2878E3}.Release|x64.Build.0 = Release|x64
		{4071C415-BF7B-361A-B897-0379DD2878E3}.MinSizeRel|x64.ActiveCfg = MinSizeRel|x64
		{4071C415-BF7B-361A-B897-0379DD2878E3}.MinSizeRel|x64.Build.0 = MinSizeRel|x64
		{4071C415-BF7B-361A-B897-0379DD2878E3}.RelWithDebInfo|x64.ActiveCfg = RelWithDebInfo|x64
		{4071C415-BF7B-361A-B897-0379DD2878E3}.RelWithDebInfo|x64.Build.0 = RelWithDebInfo|x64
		{7648947D-990D-38FF-8AEA-6846D28A4C87}.Debug|x64.ActiveCfg = Debug|x64
		{7648947D-990D-38FF-8AEA-6846D28A4C87}.Release|x64.ActiveCfg = Release|x64
		{7648947D-990D-38FF-8AEA-6846D28A4C87}.MinSizeRel|x64.ActiveCfg = MinSizeRel|x64
		{7648947D-990D-38FF-8AEA-6846D28A4C87}.RelWithDebInfo|x64.ActiveCfg = RelWithDebInfo|x64
		{21BC8FAB-2F77-3F7F-B26D-595AF532ADA3}.Debug|x64.ActiveCfg = Debug|x64
		{21BC8FAB-2F77-3F7F-B26D-595AF532ADA3}.Debug|x64.Build.0 = Debug|x64
		{21BC8FAB-2F77-3F7F-B26D-595AF532ADA3}.Release|x64.ActiveCfg = Release|x64
		{21BC8FAB-2F77-3F7F-B26D-595AF532ADA3}.Release|x64.Build.0 = Release|x64
		{21BC8FAB-2F77-3F7F-B26D-595AF532ADA3}.MinSizeRel|x64.ActiveCfg = MinSizeRel|x64
		{21BC8FAB-2F77-3F7F-B26D-595AF532ADA3}.MinSizeRel|x64.Build.0 = MinSizeRel|x64
		{21BC8FAB-2F77-3F7F-B26D-595AF532ADA3}.RelWithDebInfo|x64.ActiveCfg = RelWithDebInfo|x64
		{21BC8FAB-2F77-3F7F-B26D-595AF532ADA3}.RelWithDebInfo|x64.Build.0 = RelWithDebInfo|x64
		{A7BB66CF-F1E1-3EAB-BEC7-99715DD74A80}.Debug|x64.ActiveCfg = Debug|x64
		{A7BB66CF-F1E1-3EAB-BEC7-99715DD74A80}.Debug|x64.Build.0 = Debug|x64
		{A7BB66CF-F1E1-3EAB-BEC7-99715DD74A80}.Release|x64.ActiveCfg = Release|x64
		{A7BB66CF-F1E1-3EAB-BEC7-99715DD74A80}.Release|x64.Build.0 = Release|x64
		{A7BB66CF-F1E1-3EAB-BEC7-99715DD74A80}.MinSizeRel|x64.ActiveCfg = MinSizeRel|x64
		{A7BB66CF-F1E1-3EAB-BEC7-99715DD74A80}.MinSizeRel|x64.Build.0 = MinSizeRel|x64
		{A7BB66CF-F1E1-3EAB-BEC7-99715DD74A80}.RelWithDebInfo|x64.ActiveCfg = RelWithDebInfo|x64
		{A7BB66CF-F1E1-3EAB-BEC7-99715DD74A80}.RelWithDebInfo|x64.Build.0 = RelWithDebInfo|x64
		{00B19E94-C232-3975-9E89-A1EEF29D3EC5}.Debug|x64.ActiveCfg = Debug|x64
		{00B19E94-C232-3975-9E89-A1EEF29D3EC5}.Debug|x64.Build.0 = Debug|x64
		{00B19E94-C232-3975-9E89-A1EEF29D3EC5}.Release|x64.ActiveCfg = Release|x64
		{00B19E94-C232-3975-9E89-A1EEF29D3EC5}.Release|x64.Build.0 = Release|x64
		{00B19E94-C232-3975-9E89-A1EEF29D3EC5}.MinSizeRel|x64.ActiveCfg = MinSizeRel|x64
		{00B19E94-C232-3975-9E89-A1EEF29D3EC5}.MinSizeRel|x64.Build.0 = MinSizeRel|x64
		{00B19E94-C232-3975-9E89-A1EEF29D3EC5}.RelWithDebInfo|x64.ActiveCfg = RelWithDebInfo|x64
		{00B19E94-C232-3975-9E89-A1EEF29D3EC5}.RelWithDebInfo|x64.Build.0 = RelWithDebInfo|x64
		{44FD10A5-BE97-351F-9441-F2BD6968D3C1}.Debug|x64.ActiveCfg = Debug|x64
		{44FD10A5-BE97-351F-9441-F2BD6968D3C1}.Debug|x64.Build.0 = Debug|x64
		{44FD10A5-BE97-351F-9441-F2BD6968D3C1}.Release|x64.ActiveCfg = Release|x64
		{44FD10A5-BE97-351F-9441-F2BD6968D3C1}.Release|x64.Build.0 = Release|x64
		{44FD10A5-BE97-351F-9441-F2BD6968D3C1}.MinSizeRel|x64.ActiveCfg = MinSizeRel|x64
		{44FD10A5-BE97-351F-9441-F2BD6968D3C1}.MinSizeRel|x64.Build.0 = MinSizeRel|x64
		{44FD10A5-BE97-351F-9441-F2BD6968D3C1}.RelWithDebInfo|x64.ActiveCfg = RelWithDebInfo|x64
		{44FD10A5-BE97-351F-9441-F2BD6968D3C1}.RelWithDebInfo|x64.Build.0 = RelWithDebInfo|x64
		{845E0954-52D9-3B5F-9E5B-733B3628C83E}.Debug|x64.ActiveCfg = Debug|x64
		{845E0954-52D9-3B5F-9E5B-733B3628C83E}.Debug|x64.Build.0 = Debug|x64
		{845E0954-52D9-3B5F-9E5B-733B3628C83E}.Release|x64.ActiveCfg = Release|x64
		{845E0954-52D9-3B5F-9E5B-733B3628C83E}.Release|x64.Build.0 = Release|x64
		{845E0954-52D9-3B5F-9E5B-733B3628C83E}.MinSizeRel|x64.ActiveCfg = MinSizeRel|x64
		{845E0954-52D9-3B5F-9E5B-733B3628C83E}.MinSizeRel|x64.Build.0 = MinSizeRel|x64
		{845E0954-52D9-3B5F-9E5B-733B3628C83E}.RelWithDebInfo|x64.ActiveCfg = RelWithDebInfo|x64
		{845E0954-52D9-3B5F-9E5B-733B3628C83E}.RelWithDebInfo|x64.Build.0 = RelWithDebInfo|x64
		{518DD689-7B4D-38D6-9D91-347F95B828C4}.Debug|x64.ActiveCfg = Debug|x64
		{518DD689-7B4D-38D6-9D91-347F95B828C4}.Debug|x64.Build.0 = Debug|x64
		{518DD689-7B4D-38D6-9D91-347F95B828C4}.Release|x64.ActiveCfg = Release|x64
		{518DD689-7B4D-38D6-9D91-347F95B828C4}.Release|x64.Build.0 = Release|x64
		{518DD689-7B4D-38D6-9D91-347F95B828C4}.MinSizeRel|x64.ActiveCfg = MinSizeRel|x64
		{518DD689-7B4D-38D6-9D91-347F95B828C4}.MinSizeRel|x64.Build.0 = MinSizeRel|x64
		{518DD689-7B4D-38D6-9D91-347F95B828C4}.RelWithDebInfo|x64.ActiveCfg = RelWithDebInfo|x64
		{518DD689-7B4D-38D6-9D91-347F95B828C4}.RelWithDebInfo|x64.Build.0 = RelWithDebInfo|x64
		{99B40A78-96F7-311A-92C4-3224AA5A4DBA}.Debug|x64.ActiveCfg = Debug|x64
		{99B40A78-96F7-311A-92C4-3224AA5A4DBA}.Debug|x64.Build.0 = Debug|x64
		{99B40A78-96F7-311A-92C4-3224AA5A4DBA}.Release|x64.ActiveCfg = Release|x64
		{99B40A78-96F7-311A-92C4-3224AA5A4DBA}.Release|x64.Build.0 = Release|x64
		{99B40A78-96F7-311A-92C4-3224AA5A4DBA}.MinSizeRel|x64.ActiveCfg = MinSizeRel|x64
		{99B40A78-96F7-311A-92C4-3224AA5A4DBA}.MinSizeRel|x64.Build.0 = MinSizeRel|x64
		{99B40A78-96F7-311A-92C4-3224AA5A4DBA}.RelWithDebInfo|x64.ActiveCfg = RelWithDebInfo|x64
		{99B40A78-96F7-311A-92C4-3224AA5A4DBA}.RelWithDebInfo|x64.Build.0 = RelWithDebInfo|x64
		{AD6D27AA-C51B-374C-A30F-35104D07612F}.Debug|x64.ActiveCfg = Debug|x64
		{AD6D27AA-C51B-374C-A30F-35104D07612F}.Debug|x64.Build.0 = Debug|x64
		{AD6D27AA-C51B-374C-A30F-35104D07612F}.Release|x64.ActiveCfg = Release|x64
		{AD6D27AA-C51B-374C-A30F-35104D07612F}.Release|x64.Build.0 = Release|x64
		{AD6D27AA-C51B-374C-A30F-35104D07612F}.MinSizeRel|x64.ActiveCfg = MinSizeRel|x64
		{AD6D27AA-C51B-374C-A30F-35104D07612F}.MinSizeRel|x64.Build.0 = MinSizeRel|x64
		{AD6D27AA-C51B-374C-A30F-35104D07612F}.RelWithDebInfo|x64.ActiveCfg = RelWithDebInfo|x64
		{AD6D27AA-C51B-374C-A30F-35104D07612F}.RelWithDebInfo|x64.Build.0 = RelWithDebInfo|x64
		{7F47D25B-069C-3DFC-9625-E609A677A15E}.Debug|x64.ActiveCfg = Debug|x64
		{7F47D25B-069C-3DFC-9625-E609A677A15E}.Debug|x64.Build.0 = Debug|x64
		{7F47D25B-069C-3DFC-9625-E609A677A15E}.Release|x64.ActiveCfg = Release|x64
		{7F47D25B-069C-3DFC-9625-E609A677A15E}.Release|x64.Build.0 = Release|x64
		{7F47D25B-069C-3DFC-9625-E609A677A15E}.MinSizeRel|x64.ActiveCfg = MinSizeRel|x64
		{7F47D25B-069C-3DFC-9625-E609A677A15E}.MinSizeRel|x64.Build.0 = MinSizeRel|x64
		{7F47D25B-069C-3DFC-9625-E609A677A15E}.RelWithDebInfo|x64.ActiveCfg = RelWithDebInfo|x64
		{7F47D25B-069C-3DFC-9625-E609A677A15E}.RelWithDebInfo|x64.Build.0 = RelWithDebInfo|x64
		{6D89DB8E-721A-3C19-AC16-64B6529C2BC0}.Debug|x64.ActiveCfg = Debug|x64
		{6D89DB8E-721A-3C19-AC16-64B6529C2BC0}.Debug|x64.Build.0 = Debug|x64
		{6D89DB8E-721A-3C19-AC16-64B6529C2BC0}.Release|x64.ActiveCfg = Release|x64
		{6D89DB8E-721A-3C19-AC16-64B6529C2BC0}.Release|x64.Build.0 = Release|x64
		{6D89DB8E-721A-3C19-AC16-64B6529C2BC0}.MinSizeRel|x64.ActiveCfg = MinSizeRel|x64
		{6D89DB8E-721A-3C19-AC16-64B6529C2BC0}.MinSizeRel|x64.Build.0 = MinSizeRel|x64
		{6D89DB8E-721A-3C19-AC16-64B6529C2BC0}.RelWithDebInfo|x64.ActiveCfg = RelWithDebInfo|x64
		{6D89DB8E-721A-3C19-AC16-64B6529C2BC0}.RelWithDebInfo|x64.Build.0 = RelWithDebInfo|x64
		{AC86D570-6AA0-3CF9-A9EE-9BE5A07E7181}.Debug|x64.ActiveCfg = Debug|x64
		{AC86D570-6AA0-3CF9-A9EE-9BE5A07E7181}.Debug|x64.Build.0 = Debug|x64
		{AC86D570-6AA0-3CF9-A9EE-9BE5A07E7181}.Release|x64.ActiveCfg = Release|x64
		{AC86D570-6AA0-3CF9-A9EE-9BE5A07E7181}.Release|x64.Build.0 = Release|x64
		{AC86D570-6AA0-3CF9-A9EE-9BE5A07E7181}.MinSizeRel|x64.ActiveCfg = MinSizeRel|x64
		{AC86D570-6AA0-3CF9-A9EE-9BE5A07E7181}.MinSizeRel|x64.Build.0 = MinSizeRel|x64
		{AC86D570-6AA0-3CF9-A9EE-9BE5A07E7181}.RelWithDebInfo|x64.ActiveCfg = RelWithDebInfo|x64
		{AC86D570-6AA0-3CF9-A9EE-9BE5A07E7181}.RelWithDebInfo|x64.Build.0 = RelWithDebInfo|x64
		{C6B2FE89-B9A0-39BA-A00A-527E076F314D}.Debug|x64.ActiveCfg = Debug|x64
		{C6B2FE89-B9A0-39BA-A00A-527E076F314D}.Debug|x64.Build.0 = Debug|x64
		{C6B2FE89-B9A0-39BA-A00A-527E076F314D}.Release|x64.ActiveCfg = Release|x64
		{C6B2FE89-B9A0-39BA-A00A-527E076F314D}.Release|x64.Build.0 = Release|x64
		{C6B2FE89-B9A0-39BA-A00A-527E076F314D}.MinSizeRel|x64.ActiveCfg = MinSizeRel|x64
		{C6B2FE89-B9A0-39BA-A00A-527E076F314D}.MinSizeRel|x64.Build.0 = MinSizeRel|x64
		{C6B2FE89-B9A0-39BA-A00A-527E076F314D}.RelWithDebInfo|x64.ActiveCfg = RelWithDebInfo|x64
		{C6B2FE89-B9A0-39BA-A00A-527E076F314D}.RelWithDebInfo|x64.Build.0 = RelWithDebInfo|x64
		{F94CEE67-713F-3204-B941-18A578AE9E18}.Debug|x64.ActiveCfg = Debug|x64
		{F94CEE67-713F-3204-B941-18A578AE9E18}.Debug|x64.Build.0 = Debug|x64
		{F94CEE67-713F-3204-B941-18A578AE9E18}.Release|x64.ActiveCfg = Release|x64
		{F94CEE67-713F-3204-B941-18A578AE9E18}.Release|x64.Build.0 = Release|x64
		{F94CEE67-713F-3204-B941-18A578AE9E18}.MinSizeRel|x64.ActiveCfg = MinSizeRel|x64
		{F94CEE67-713F-3204-B941-18A578AE9E18}.MinSizeRel|x64.Build.0 = MinSizeRel|x64
		{F94CEE67-713F-3204-B941-18A578AE9E18}.RelWithDebInfo|x64.ActiveCfg = RelWithDebInfo|x64
		{F94CEE67-713F-3204-B941-18A578AE9E18}.RelWithDebInfo|x64.Build.0 = RelWithDebInfo|x64
		{5A105AE7-FE52-32C6-9480-E43594775A37}.Debug|x64.ActiveCfg = Debug|x64
		{5A105AE7-FE52-32C6-9480-E43594775A37}.Debug|x64.Build.0 = Debug|x64
		{5A105AE7-FE52-32C6-9480-E43594775A37}.Release|x64.ActiveCfg = Release|x64
		{5A105AE7-FE52-32C6-9480-E43594775A37}.Release|x64.Build.0 = Release|x64
		{5A105AE7-FE52-32C6-9480-E43594775A37}.MinSizeRel|x64.ActiveCfg = MinSizeRel|x64
		{5A105AE7-FE52-32C6-9480-E43594775A37}.MinSizeRel|x64.Build.0 = MinSizeRel|x64
		{5A105AE7-FE52-32C6-9480-E43594775A37}.RelWithDebInfo|x64.ActiveCfg = RelWithDebInfo|x64
		{5A105AE7-FE52-32C6-9480-E43594775A37}.RelWithDebInfo|x64.Build.0 = RelWithDebInfo|x64
		{53EBC2D0-FC65-382E-B9DE-2E87FC47757F}.Debug|x64.ActiveCfg = Debug|x64
		{53EBC2D0-FC65-382E-B9DE-2E87FC47757F}.Debug|x64.Build.0 = Debug|x64
		{53EBC2D0-FC65-382E-B9DE-2E87FC47757F}.Release|x64.ActiveCfg = Release|x64
		{53EBC2D0-FC65-382E-B9DE-2E87FC47757F}.Release|x64.Build.0 = Release|x64
		{53EBC2D0-FC65-382E-B9DE-2E87FC47757F}.MinSizeRel|x64.ActiveCfg = MinSizeRel|x64
		{53EBC2D0-FC65-382E-B9DE-2E87FC47757F}.MinSizeRel|x64.Build.0 = MinSizeRel|x64
		{53EBC2D0-FC65-382E-B9DE-2E87FC47757F}.RelWithDebInfo|x64.ActiveCfg = RelWithDebInfo|x64
		{53EBC2D0-FC65-382E-B9DE-2E87FC47757F}.RelWithDebInfo|x64.Build.0 = RelWithDebInfo|x64
		{10B6B748-244B-3FAF-895F-E2B64EE7FA41}.Debug|x64.ActiveCfg = Debug|x64
		{10B6B748-244B-3FAF-895F-E2B64EE7FA41}.Debug|x64.Build.0 = Debug|x64
		{10B6B748-244B-3FAF-895F-E2B64EE7FA41}.Release|x64.ActiveCfg = Release|x64
		{10B6B748-244B-3FAF-895F-E2B64EE7FA41}.Release|x64.Build.0 = Release|x64
		{10B6B748-244B-3FAF-895F-E2B64EE7FA41}.MinSizeRel|x64.ActiveCfg = MinSizeRel|x64
		{10B6B748-244B-3FAF-895F-E2B64EE7FA41}.MinSizeRel|x64.Build.0 = MinSizeRel|x64
		{10B6B748-244B-3FAF-895F-E2B64EE7FA41}.RelWithDebInfo|x64.ActiveCfg = RelWithDebInfo|x64
		{10B6B748-244B-3FAF-895F-E2B64EE7FA41}.RelWithDebInfo|x64.Build.0 = RelWithDebInfo|x64
		{6BF96425-658B-3B8C-8966-0CF0A2C9101F}.Debug|x64.ActiveCfg = Debug|x64
		{6BF96425-658B-3B8C-8966-0CF0A2C9101F}.Debug|x64.Build.0 = Debug|x64
		{6BF96425-658B-3B8C-8966-0CF0A2C9101F}.Release|x64.ActiveCfg = Release|x64
		{6BF96425-658B-3B8C-8966-0CF0A2C9101F}.Release|x64.Build.0 = Release|x64
		{6BF96425-658B-3B8C-8966-0CF0A2C9101F}.MinSizeRel|x64.ActiveCfg = MinSizeRel|x64
		{6BF96425-658B-3B8C-8966-0CF0A2C9101F}.MinSizeRel|x64.Build.0 = MinSizeRel|x64
		{6BF96425-658B-3B8C-8966-0CF0A2C9101F}.RelWithDebInfo|x64.ActiveCfg = RelWithDebInfo|x64
		{6BF96425-658B-3B8C-8966-0CF0A2C9101F}.RelWithDebInfo|x64.Build.0 = RelWithDebInfo|x64
		{C85B6C0C-7FE4-326F-A91B-C03A41E8D7CE}.Debug|x64.ActiveCfg = Debug|x64
		{C85B6C0C-7FE4-326F-A91B-C03A41E8D7CE}.Debug|x64.Build.0 = Debug|x64
		{C85B6C0C-7FE4-326F-A91B-C03A41E8D7CE}.Release|x64.ActiveCfg = Release|x64
		{C85B6C0C-7FE4-326F-A91B-C03A41E8D7CE}.Release|x64.Build.0 = Release|x64
		{C85B6C0C-7FE4-326F-A91B-C03A41E8D7CE}.MinSizeRel|x64.ActiveCfg = MinSizeRel|x64
		{C85B6C0C-7FE4-326F-A91B-C03A41E8D7CE}.MinSizeRel|x64.Build.0 = MinSizeRel|x64
		{C85B6C0C-7FE4-326F-A91B-C03A41E8D7CE}.RelWithDebInfo|x64.ActiveCfg = RelWithDebInfo|x64
		{C85B6C0C-7FE4-326F-A91B-C03A41E8D7CE}.RelWithDebInfo|x64.Build.0 = RelWithDebInfo|x64
		{019491F1-D225-3F76-B571-AC263899324C}.Debug|x64.ActiveCfg = Debug|x64
		{019491F1-D225-3F76-B571-AC263899324C}.Debug|x64.Build.0 = Debug|x64
		{019491F1-D225-3F76-B571-AC263899324C}.Release|x64.ActiveCfg = Release|x64
		{019491F1-D225-3F76-B571-AC263899324C}.Release|x64.Build.0 = Release|x64
		{019491F1-D225-3F76-B571-AC263899324C}.MinSizeRel|x64.ActiveCfg = MinSizeRel|x64
		{019491F1-D225-3F76-B571-AC263899324C}.MinSizeRel|x64.Build.0 = MinSizeRel|x64
		{019491F1-D225-3F76-B571-AC263899324C}.RelWithDebInfo|x64.ActiveCfg = RelWithDebInfo|x64
		{019491F1-D225-3F76-B571-AC263899324C}.RelWithDebInfo|x64.Build.0 = RelWithDebInfo|x64
		{80876117-4432-3F40-9BDE-DF389BD1A9D6}.Debug|x64.ActiveCfg = Debug|x64
		{80876117-4432-3F40-9BDE-DF389BD1A9D6}.Debug|x64.Build.0 = Debug|x64
		{80876117-4432-3F40-9BDE-DF389BD1A9D6}.Release|x64.ActiveCfg = Release|x64
		{80876117-4432-3F40-9BDE-DF389BD1A9D6}.Release|x64.Build.0 = Release|x64
		{80876117-4432-3F40-9BDE-DF389BD1A9D6}.MinSizeRel|x64.ActiveCfg = MinSizeRel|x64
		{80876117-4432-3F40-9BDE-DF389BD1A9D6}.MinSizeRel|x64.Build.0 = MinSizeRel|x64
		{80876117-4432-3F40-9BDE-DF389BD1A9D6}.RelWithDebInfo|x64.ActiveCfg = RelWithDebInfo|x64
		{80876117-4432-3F40-9BDE-DF389BD1A9D6}.RelWithDebInfo|x64.Build.0 = RelWithDebInfo|x64
		{1B175EBF-896E-3586-BA11-7B5FAA67E0C8}.Debug|x64.ActiveCfg = Debug|x64
		{1B175EBF-896E-3586-BA11-7B5FAA67E0C8}.Debug|x64.Build.0 = Debug|x64
		{1B175EBF-896E-3586-BA11-7B5FAA67E0C8}.Release|x64.ActiveCfg = Release|x64
		{1B175EBF-896E-3586-BA11-7B5FAA67E0C8}.Release|x64.Build.0 = Release|x64
		{1B175EBF-896E-3586-BA11-7B5FAA67E0C8}.MinSizeRel|x64.ActiveCfg = MinSizeRel|x64
		{1B175EBF-896E-3586-BA11-7B5FAA67E0C8}.MinSizeRel|x64.Build.0 = MinSizeRel|x64
		{1B175EBF-896E-3586-BA11-7B5FAA67E0C8}.RelWithDebInfo|x64.ActiveCfg = RelWithDebInfo|x64
		{1B175EBF-896E-3586-BA11-7B5FAA67E0C8}.RelWithDebInfo|x64.Build.0 = RelWithDebInfo|x64
		{4C09F658-5417-3D3F-9089-F84DFE40B827}.Debug|x64.ActiveCfg = Debug|x64
		{4C09F658-5417-3D3F-9089-F84DFE40B827}.Debug|x64.Build.0 = Debug|x64
		{4C09F658-5417-3D3F-9089-F84DFE40B827}.Release|x64.ActiveCfg = Release|x64
		{4C09F658-5417-3D3F-9089-F84DFE40B827}.Release|x64.Build.0 = Release|x64
		{4C09F658-5417-3D3F-9089-F84DFE40B827}.MinSizeRel|x64.ActiveCfg = MinSizeRel|x64
		{4C09F658-5417-3D3F-9089-F84DFE40B827}.MinSizeRel|x64.Build.0 = MinSizeRel|x64
		{4C09F658-5417-3D3F-9089-F84DFE40B827}.RelWithDebInfo|x64.ActiveCfg = RelWithDebInfo|x64
		{4C09F658-5417-3D3F-9089-F84DFE40B827}.RelWithDebInfo|x64.Build.0 = RelWithDebInfo|x64
		{A045E89E-10C8-35B4-AF14-6AB8C8FC3531}.Debug|x64.ActiveCfg = Debug|x64
		{A045E89E-10C8-35B4-AF14-6AB8C8FC3531}.Debug|x64.Build.0 = Debug|x64
		{A045E89E-10C8-35B4-AF14-6AB8C8FC3531}.Release|x64.ActiveCfg = Release|x64
		{A045E89E-10C8-35B4-AF14-6AB8C8FC3531}.Release|x64.Build.0 = Release|x64
		{A045E89E-10C8-35B4-AF14-6AB8C8FC3531}.MinSizeRel|x64.ActiveCfg = MinSizeRel|x64
		{A045E89E-10C8-35B4-AF14-6AB8C8FC3531}.MinSizeRel|x64.Build.0 = MinSizeRel|x64
		{A045E89E-10C8-35B4-AF14-6AB8C8FC3531}.RelWithDebInfo|x64.ActiveCfg = RelWithDebInfo|x64
		{A045E89E-10C8-35B4-AF14-6AB8C8FC3531}.RelWithDebInfo|x64.Build.0 = RelWithDebInfo|x64
		{C92C8C30-C7E4-378F-A8B6-B89526C49B11}.Debug|x64.ActiveCfg = Debug|x64
		{C92C8C30-C7E4-378F-A8B6-B89526C49B11}.Debug|x64.Build.0 = Debug|x64
		{C92C8C30-C7E4-378F-A8B6-B89526C49B11}.Release|x64.ActiveCfg = Release|x64
		{C92C8C30-C7E4-378F-A8B6-B89526C49B11}.Release|x64.Build.0 = Release|x64
		{C92C8C30-C7E4-378F-A8B6-B89526C49B11}.MinSizeRel|x64.ActiveCfg = MinSizeRel|x64
		{C92C8C30-C7E4-378F-A8B6-B89526C49B11}.MinSizeRel|x64.Build.0 = MinSizeRel|x64
		{C92C8C30-C7E4-378F-A8B6-B89526C49B11}.RelWithDebInfo|x64.ActiveCfg = RelWithDebInfo|x64
		{C92C8C30-C7E4-378F-A8B6-B89526C49B11}.RelWithDebInfo|x64.Build.0 = RelWithDebInfo|x64
		{73D5BD34-5978-3929-B8FD-12CC02DC540D}.Debug|x64.ActiveCfg = Debug|x64
		{73D5BD34-5978-3929-B8FD-12CC02DC540D}.Debug|x64.Build.0 = Debug|x64
		{73D5BD34-5978-3929-B8FD-12CC02DC540D}.Release|x64.ActiveCfg = Release|x64
		{73D5BD34-5978-3929-B8FD-12CC02DC540D}.Release|x64.Build.0 = Release|x64
		{73D5BD34-5978-3929-B8FD-12CC02DC540D}.MinSizeRel|x64.ActiveCfg = MinSizeRel|x64
		{73D5BD34-5978-3929-B8FD-12CC02DC540D}.MinSizeRel|x64.Build.0 = MinSizeRel|x64
		{73D5BD34-5978-3929-B8FD-12CC02DC540D}.RelWithDebInfo|x64.ActiveCfg = RelWithDebInfo|x64
		{73D5BD34-5978-3929-B8FD-12CC02DC540D}.RelWithDebInfo|x64.Build.0 = RelWithDebInfo|x64
		{196474C6-B2EE-3B24-BC1E-7A97DD396478}.Debug|x64.ActiveCfg = Debug|x64
		{196474C6-B2EE-3B24-BC1E-7A97DD396478}.Debug|x64.Build.0 = Debug|x64
		{196474C6-B2EE-3B24-BC1E-7A97DD396478}.Release|x64.ActiveCfg = Release|x64
		{196474C6-B2EE-3B24-BC1E-7A97DD396478}.Release|x64.Build.0 = Release|x64
		{196474C6-B2EE-3B24-BC1E-7A97DD396478}.MinSizeRel|x64.ActiveCfg = MinSizeRel|x64
		{196474C6-B2EE-3B24-BC1E-7A97DD396478}.MinSizeRel|x64.Build.0 = MinSizeRel|x64
		{196474C6-B2EE-3B24-BC1E-7A97DD396478}.RelWithDebInfo|x64.ActiveCfg = RelWithDebInfo|x64
		{196474C6-B2EE-3B24-BC1E-7A97DD396478}.RelWithDebInfo|x64.Build.0 = RelWithDebInfo|x64
		{10ACA704-7E16-3AE1-8B4A-2F800E3006F8}.Debug|x64.ActiveCfg = Debug|x64
		{10ACA704-7E16-3AE1-8B4A-2F800E3006F8}.Debug|x64.Build.0 = Debug|x64
		{10ACA704-7E16-3AE1-8B4A-2F800E3006F8}.Release|x64.ActiveCfg = Release|x64
		{10ACA704-7E16-3AE1-8B4A-2F800E3006F8}.Release|x64.Build.0 = Release|x64
		{10ACA704-7E16-3AE1-8B4A-2F800E3006F8}.MinSizeRel|x64.ActiveCfg = MinSizeRel|x64
		{10ACA704-7E16-3AE1-8B4A-2F800E3006F8}.MinSizeRel|x64.Build.0 = MinSizeRel|x64
		{10ACA704-7E16-3AE1-8B4A-2F800E3006F8}.RelWithDebInfo|x64.ActiveCfg = RelWithDebInfo|x64
		{10ACA704-7E16-3AE1-8B4A-2F800E3006F8}.RelWithDebInfo|x64.Build.0 = RelWithDebInfo|x64
		{0ABD7182-60B8-32F1-8013-7C9939C33E1C}.Debug|x64.ActiveCfg = Debug|x64
		{0ABD7182-60B8-32F1-8013-7C9939C33E1C}.Debug|x64.Build.0 = Debug|x64
		{0ABD7182-60B8-32F1-8013-7C9939C33E1C}.Release|x64.ActiveCfg = Release|x64
		{0ABD7182-60B8-32F1-8013-7C9939C33E1C}.Release|x64.Build.0 = Release|x64
		{0ABD7182-60B8-32F1-8013-7C9939C33E1C}.MinSizeRel|x64.ActiveCfg = MinSizeRel|x64
		{0ABD7182-60B8-32F1-8013-7C9939C33E1C}.MinSizeRel|x64.Build.0 = MinSizeRel|x64
		{0ABD7182-60B8-32F1-8013-7C9939C33E1C}.RelWithDebInfo|x64.ActiveCfg = RelWithDebInfo|x64
		{0ABD7182-60B8-32F1-8013-7C9939C33E1C}.RelWithDebInfo|x64.Build.0 = RelWithDebInfo|x64
		{CCB601CB-2EC7-3033-A3EB-72D05D29ED5C}.Debug|x64.ActiveCfg = Debug|x64
		{CCB601CB-2EC7-3033-A3EB-72D05D29ED5C}.Debug|x64.Build.0 = Debug|x64
		{CCB601CB-2EC7-3033-A3EB-72D05D29ED5C}.Release|x64.ActiveCfg = Release|x64
		{CCB601CB-2EC7-3033-A3EB-72D05D29ED5C}.Release|x64.Build.0 = Release|x64
		{CCB601CB-2EC7-3033-A3EB-72D05D29ED5C}.MinSizeRel|x64.ActiveCfg = MinSizeRel|x64
		{CCB601CB-2EC7-3033-A3EB-72D05D29ED5C}.MinSizeRel|x64.Build.0 = MinSizeRel|x64
		{CCB601CB-2EC7-3033-A3EB-72D05D29ED5C}.RelWithDebInfo|x64.ActiveCfg = RelWithDebInfo|x64
		{CCB601CB-2EC7-3033-A3EB-72D05D29ED5C}.RelWithDebInfo|x64.Build.0 = RelWithDebInfo|x64
		{7DD9C88D-E484-3DB9-A90A-43CFDDF689CD}.Debug|x64.ActiveCfg = Debug|x64
		{7DD9C88D-E484-3DB9-A90A-43CFDDF689CD}.Release|x64.ActiveCfg = Release|x64
		{7DD9C88D-E484-3DB9-A90A-43CFDDF689CD}.MinSizeRel|x64.ActiveCfg = MinSizeRel|x64
		{7DD9C88D-E484-3DB9-A90A-43CFDDF689CD}.RelWithDebInfo|x64.ActiveCfg = RelWithDebInfo|x64
		{691A035F-2C4A-3BE6-BF86-7F302E9FAABD}.Debug|x64.ActiveCfg = Debug|x64
		{691A035F-2C4A-3BE6-BF86-7F302E9FAABD}.Debug|x64.Build.0 = Debug|x64
		{691A035F-2C4A-3BE6-BF86-7F302E9FAABD}.Release|x64.ActiveCfg = Release|x64
		{691A035F-2C4A-3BE6-BF86-7F302E9FAABD}.Release|x64.Build.0 = Release|x64
		{691A035F-2C4A-3BE6-BF86-7F302E9FAABD}.MinSizeRel|x64.ActiveCfg = MinSizeRel|x64
		{691A035F-2C4A-3BE6-BF86-7F302E9FAABD}.MinSizeRel|x64.Build.0 = MinSizeRel|x64
		{691A035F-2C4A-3BE6-BF86-7F302E9FAABD}.RelWithDebInfo|x64.ActiveCfg = RelWithDebInfo|x64
		{691A035F-2C4A-3BE6-BF86-7F302E9FAABD}.RelWithDebInfo|x64.Build.0 = RelWithDebInfo|x64
		{26478B64-000F-3F8D-BDDD-28B70B3327FA}.Debug|x64.ActiveCfg = Debug|x64
		{26478B64-000F-3F8D-BDDD-28B70B3327FA}.Debug|x64.Build.0 = Debug|x64
		{26478B64-000F-3F8D-BDDD-28B70B3327FA}.Release|x64.ActiveCfg = Release|x64
		{26478B64-000F-3F8D-BDDD-28B70B3327FA}.Release|x64.Build.0 = Release|x64
		{26478B64-000F-3F8D-BDDD-28B70B3327FA}.MinSizeRel|x64.ActiveCfg = MinSizeRel|x64
		{26478B64-000F-3F8D-BDDD-28B70B3327FA}.MinSizeRel|x64.Build.0 = MinSizeRel|x64
		{26478B64-000F-3F8D-BDDD-28B70B3327FA}.RelWithDebInfo|x64.ActiveCfg = RelWithDebInfo|x64
		{26478B64-000F-3F8D-BDDD-28B70B3327FA}.RelWithDebInfo|x64.Build.0 = RelWithDebInfo|x64
	EndGlobalSection
	GlobalSection(NestedProjects) = preSolution
		{4071C415-BF7B-361A-B897-0379DD2878E3} = {6CF00E35-8735-3294-8EE7-3EE35D6943B1}
		{7648947D-990D-38FF-8AEA-6846D28A4C87} = {6CF00E35-8735-3294-8EE7-3EE35D6943B1}
		{21BC8FAB-2F77-3F7F-B26D-595AF532ADA3} = {6CF00E35-8735-3294-8EE7-3EE35D6943B1}
		{5520DFDE-32E8-331A-A6B5-298E3483CD3C} = {69A2C979-5773-336C-AE1B-93C7A282DFF8}
		{B0D378BF-BA2B-3704-9DE9-CE1676D9BD33} = {69A2C979-5773-336C-AE1B-93C7A282DFF8}
		{7F47D25B-069C-3DFC-9625-E609A677A15E} = {69A2C979-5773-336C-AE1B-93C7A282DFF8}
		{7DD9C88D-E484-3DB9-A90A-43CFDDF689CD} = {69A2C979-5773-336C-AE1B-93C7A282DFF8}
		{A7BB66CF-F1E1-3EAB-BEC7-99715DD74A80} = {5520DFDE-32E8-331A-A6B5-298E3483CD3C}
		{AD6D27AA-C51B-374C-A30F-35104D07612F} = {5520DFDE-32E8-331A-A6B5-298E3483CD3C}
		{AC86D570-6AA0-3CF9-A9EE-9BE5A07E7181} = {5520DFDE-32E8-331A-A6B5-298E3483CD3C}
		{C85B6C0C-7FE4-326F-A91B-C03A41E8D7CE} = {5520DFDE-32E8-331A-A6B5-298E3483CD3C}
		{80876117-4432-3F40-9BDE-DF389BD1A9D6} = {5520DFDE-32E8-331A-A6B5-298E3483CD3C}
		{4C09F658-5417-3D3F-9089-F84DFE40B827} = {5520DFDE-32E8-331A-A6B5-298E3483CD3C}
		{A045E89E-10C8-35B4-AF14-6AB8C8FC3531} = {5520DFDE-32E8-331A-A6B5-298E3483CD3C}
		{C92C8C30-C7E4-378F-A8B6-B89526C49B11} = {5520DFDE-32E8-331A-A6B5-298E3483CD3C}
		{691A035F-2C4A-3BE6-BF86-7F302E9FAABD} = {5520DFDE-32E8-331A-A6B5-298E3483CD3C}
		{00B19E94-C232-3975-9E89-A1EEF29D3EC5} = {B0D378BF-BA2B-3704-9DE9-CE1676D9BD33}
		{44FD10A5-BE97-351F-9441-F2BD6968D3C1} = {B0D378BF-BA2B-3704-9DE9-CE1676D9BD33}
		{845E0954-52D9-3B5F-9E5B-733B3628C83E} = {B0D378BF-BA2B-3704-9DE9-CE1676D9BD33}
		{518DD689-7B4D-38D6-9D91-347F95B828C4} = {B0D378BF-BA2B-3704-9DE9-CE1676D9BD33}
		{99B40A78-96F7-311A-92C4-3224AA5A4DBA} = {B0D378BF-BA2B-3704-9DE9-CE1676D9BD33}
		{6D89DB8E-721A-3C19-AC16-64B6529C2BC0} = {B0D378BF-BA2B-3704-9DE9-CE1676D9BD33}
		{C6B2FE89-B9A0-39BA-A00A-527E076F314D} = {B0D378BF-BA2B-3704-9DE9-CE1676D9BD33}
		{F94CEE67-713F-3204-B941-18A578AE9E18} = {B0D378BF-BA2B-3704-9DE9-CE1676D9BD33}
		{5A105AE7-FE52-32C6-9480-E43594775A37} = {B0D378BF-BA2B-3704-9DE9-CE1676D9BD33}
		{53EBC2D0-FC65-382E-B9DE-2E87FC47757F} = {B0D378BF-BA2B-3704-9DE9-CE1676D9BD33}
		{10B6B748-244B-3FAF-895F-E2B64EE7FA41} = {B0D378BF-BA2B-3704-9DE9-CE1676D9BD33}
		{6BF96425-658B-3B8C-8966-0CF0A2C9101F} = {B0D378BF-BA2B-3704-9DE9-CE1676D9BD33}
		{019491F1-D225-3F76-B571-AC263899324C} = {B0D378BF-BA2B-3704-9DE9-CE1676D9BD33}
		{1B175EBF-896E-3586-BA11-7B5FAA67E0C8} = {B0D378BF-BA2B-3704-9DE9-CE1676D9BD33}
		{73D5BD34-5978-3929-B8FD-12CC02DC540D} = {B0D378BF-BA2B-3704-9DE9-CE1676D9BD33}
		{196474C6-B2EE-3B24-BC1E-7A97DD396478} = {B0D378BF-BA2B-3704-9DE9-CE1676D9BD33}
		{10ACA704-7E16-3AE1-8B4A-2F800E3006F8} = {B0D378BF-BA2B-3704-9DE9-CE1676D9BD33}
		{0ABD7182-60B8-32F1-8013-7C9939C33E1C} = {B0D378BF-BA2B-3704-9DE9-CE1676D9BD33}
		{CCB601CB-2EC7-3033-A3EB-72D05D29ED5C} = {B0D378BF-BA2B-3704-9DE9-CE1676D9BD33}
		{26478B64-000F-3F8D-BDDD-28B70B3327FA} = {B0D378BF-BA2B-3704-9DE9-CE1676D9BD33}
	EndGlobalSection
	GlobalSection(ExtensibilityGlobals) = postSolution
		SolutionGuid = {9D5C4788-3382-30D7-8CA9-AC371F3FC9A5}
	EndGlobalSection
	GlobalSection(ExtensibilityAddIns) = postSolution
	EndGlobalSection
EndGlobal
