
Microsoft Visual Studio Solution File, Format Version 12.00
# Visual Studio Version 16
Project("{2150E333-8FDC-42A3-9474-1A3956D46DE8}") = "CMakePredefinedTargets", "CMakePredefinedTargets", "{60F8D11A-EBDE-305B-BBD8-ACBFF1C4802E}"
EndProject
Project("{2150E333-8FDC-42A3-9474-1A3956D46DE8}") = "GLFW3", "GLFW3", "{269655F6-8DF7-3347-95CD-ABA206A3EB95}"
EndProject
Project("{2150E333-8FDC-42A3-9474-1A3956D46DE8}") = "Examples", "GLFW3\Examples", "{13D6F577-D60D-3CBC-AAA7-84CE1E440557}"
EndProject
Project("{2150E333-8FDC-42A3-9474-1A3956D46DE8}") = "Tests", "GLFW3\Tests", "{2B946B1A-D590-3281-9D4F-7E927B40E8B2}"
EndProject
Project("{8BC9CEB8-8B4A-11D0-8D11-00A0C91BC942}") = "ALL_BUILD", "ALL_BUILD.vcxproj", "{1AF62B0F-5CF0-3050-9532-7643D0D516B7}"
	ProjectSection(ProjectDependencies) = postProject
		{F486837A-1EF3-3A13-A63A-D0CB4BCEAAAD} = {F486837A-1EF3-3A13-A63A-D0CB4BCEAAAD}
		{035B6218-3435-3388-AB66-95F107A01CC3} = {035B6218-3435-3388-AB66-95F107A01CC3}
		{AB602A85-E89E-392F-8333-075500203596} = {AB602A85-E89E-392F-8333-075500203596}
		{FCB18172-88A8-3636-BDB2-D7DE66D330B1} = {FCB18172-88A8-3636-BDB2-D7DE66D330B1}
		{760F4149-7B9D-3EFE-B258-4DFB60E9A85B} = {760F4149-7B9D-3EFE-B258-4DFB60E9A85B}
		{5AB4AC4D-5E30-328A-8656-99CF90610E1F} = {5AB4AC4D-5E30-328A-8656-99CF90610E1F}
		{8B01AF89-46D5-3579-A2EC-800445D0B699} = {8B01AF89-46D5-3579-A2EC-800445D0B699}
		{1E53A541-8A07-39A7-BE7F-0F33EDB772F9} = {1E53A541-8A07-39A7-BE7F-0F33EDB772F9}
		{D338D577-B8BA-3381-90A9-A82FE1EDA41F} = {D338D577-B8BA-3381-90A9-A82FE1EDA41F}
		{5B2D72BD-722B-3B43-9ADA-B23943F95270} = {5B2D72BD-722B-3B43-9ADA-B23943F95270}
		{44CBD734-78F8-3DA9-8B98-900D201C9C9D} = {44CBD734-78F8-3DA9-8B98-900D201C9C9D}
		{F33FC637-A622-3E82-9B6F-BA6590FD45C3} = {F33FC637-A622-3E82-9B6F-BA6590FD45C3}
		{578AA3BD-945B-3410-9FE3-7876C5D119F0} = {578AA3BD-945B-3410-9FE3-7876C5D119F0}
		{CDCCBD14-B1A6-3569-840D-CBD7DC1EA427} = {CDCCBD14-B1A6-3569-840D-CBD7DC1EA427}
		{88235C15-BDB9-373E-8B16-C1E139087B8C} = {88235C15-BDB9-373E-8B16-C1E139087B8C}
		{88CB7C1F-B7A2-3C7C-B790-EE0152D39AC0} = {88CB7C1F-B7A2-3C7C-B790-EE0152D39AC0}
		{1E767133-77E0-3034-9CD2-A9145C459C2D} = {1E767133-77E0-3034-9CD2-A9145C459C2D}
		{7AAAD92C-27E1-3C2C-9EB5-B38FD9BA2DFF} = {7AAAD92C-27E1-3C2C-9EB5-B38FD9BA2DFF}
		{E26DC107-D5E9-3A8A-BB87-7951BD3E9DDC} = {E26DC107-D5E9-3A8A-BB87-7951BD3E9DDC}
		{7173B07B-DAF4-3939-AE30-978E2DE9500F} = {7173B07B-DAF4-3939-AE30-978E2DE9500F}
		{6215F8B0-6B9F-3907-8F5D-D8BA48BD884D} = {6215F8B0-6B9F-3907-8F5D-D8BA48BD884D}
		{3FFC577C-F1A1-30C3-B7B8-4404A6D19620} = {3FFC577C-F1A1-30C3-B7B8-4404A6D19620}
		{269DA313-5F18-3B6E-9B83-675479DE51D6} = {269DA313-5F18-3B6E-9B83-675479DE51D6}
		{D833F6A9-AE74-3100-A016-60737F4715CA} = {D833F6A9-AE74-3100-A016-60737F4715CA}
		{4C1AE113-B886-3ECC-97AC-5C94CD61C1A7} = {4C1AE113-B886-3ECC-97AC-5C94CD61C1A7}
		{F3CB746C-B6B0-398E-B665-E85B759B71ED} = {F3CB746C-B6B0-398E-B665-E85B759B71ED}
		{8E9BDB48-7A76-38DD-B3B7-A4E19279B50E} = {8E9BDB48-7A76-38DD-B3B7-A4E19279B50E}
		{385E3B5B-BC5E-327C-BDCF-4A825599A792} = {385E3B5B-BC5E-327C-BDCF-4A825599A792}
		{0403F5DC-4212-31F6-B9F0-C875A2B4308E} = {0403F5DC-4212-31F6-B9F0-C875A2B4308E}
		{E068ADAA-00C0-3AE1-9E85-F9A7A4FD851D} = {E068ADAA-00C0-3AE1-9E85-F9A7A4FD851D}
		{371705EA-83AF-3E33-B325-5853B81395FE} = {371705EA-83AF-3E33-B325-5853B81395FE}
	EndProjectSection
EndProject
Project("{8BC9CEB8-8B4A-11D0-8D11-00A0C91BC942}") = "INSTALL", "INSTALL.vcxproj", "{D30B319B-DC2D-3380-A407-1FD2C38C4828}"
	ProjectSection(ProjectDependencies) = postProject
		{1AF62B0F-5CF0-3050-9532-7643D0D516B7} = {1AF62B0F-5CF0-3050-9532-7643D0D516B7}
		{F486837A-1EF3-3A13-A63A-D0CB4BCEAAAD} = {F486837A-1EF3-3A13-A63A-D0CB4BCEAAAD}
	EndProjectSection
EndProject
Project("{8BC9CEB8-8B4A-11D0-8D11-00A0C91BC942}") = "ZERO_CHECK", "ZERO_CHECK.vcxproj", "{F486837A-1EF3-3A13-A63A-D0CB4BCEAAAD}"
	ProjectSection(ProjectDependencies) = postProject
	EndProjectSection
EndProject
Project("{8BC9CEB8-8B4A-11D0-8D11-00A0C91BC942}") = "boing", "examples\boing.vcxproj", "{035B6218-3435-3388-AB66-95F107A01CC3}"
	ProjectSection(ProjectDependencies) = postProject
		{F486837A-1EF3-3A13-A63A-D0CB4BCEAAAD} = {F486837A-1EF3-3A13-A63A-D0CB4BCEAAAD}
		{D338D577-B8BA-3381-90A9-A82FE1EDA41F} = {D338D577-B8BA-3381-90A9-A82FE1EDA41F}
	EndProjectSection
EndProject
Project("{8BC9CEB8-8B4A-11D0-8D11-00A0C91BC942}") = "clipboard", "tests\clipboard.vcxproj", "{AB602A85-E89E-392F-8333-075500203596}"
	ProjectSection(ProjectDependencies) = postProject
		{F486837A-1EF3-3A13-A63A-D0CB4BCEAAAD} = {F486837A-1EF3-3A13-A63A-D0CB4BCEAAAD}
		{D338D577-B8BA-3381-90A9-A82FE1EDA41F} = {D338D577-B8BA-3381-90A9-A82FE1EDA41F}
	EndProjectSection
EndProject
Project("{8BC9CEB8-8B4A-11D0-8D11-00A0C91BC942}") = "cursor", "tests\cursor.vcxproj", "{FCB18172-88A8-3636-BDB2-D7DE66D330B1}"
	ProjectSection(ProjectDependencies) = postProject
		{F486837A-1EF3-3A13-A63A-D0CB4BCEAAAD} = {F486837A-1EF3-3A13-A63A-D0CB4BCEAAAD}
		{D338D577-B8BA-3381-90A9-A82FE1EDA41F} = {D338D577-B8BA-3381-90A9-A82FE1EDA41F}
	EndProjectSection
EndProject
Project("{8BC9CEB8-8B4A-11D0-8D11-00A0C91BC942}") = "empty", "tests\empty.vcxproj", "{760F4149-7B9D-3EFE-B258-4DFB60E9A85B}"
	ProjectSection(ProjectDependencies) = postProject
		{F486837A-1EF3-3A13-A63A-D0CB4BCEAAAD} = {F486837A-1EF3-3A13-A63A-D0CB4BCEAAAD}
		{D338D577-B8BA-3381-90A9-A82FE1EDA41F} = {D338D577-B8BA-3381-90A9-A82FE1EDA41F}
	EndProjectSection
EndProject
Project("{8BC9CEB8-8B4A-11D0-8D11-00A0C91BC942}") = "events", "tests\events.vcxproj", "{5AB4AC4D-5E30-328A-8656-99CF90610E1F}"
	ProjectSection(ProjectDependencies) = postProject
		{F486837A-1EF3-3A13-A63A-D0CB4BCEAAAD} = {F486837A-1EF3-3A13-A63A-D0CB4BCEAAAD}
		{D338D577-B8BA-3381-90A9-A82FE1EDA41F} = {D338D577-B8BA-3381-90A9-A82FE1EDA41F}
	EndProjectSection
EndProject
Project("{8BC9CEB8-8B4A-11D0-8D11-00A0C91BC942}") = "gamma", "tests\gamma.vcxproj", "{8B01AF89-46D5-3579-A2EC-800445D0B699}"
	ProjectSection(ProjectDependencies) = postProject
		{F486837A-1EF3-3A13-A63A-D0CB4BCEAAAD} = {F486837A-1EF3-3A13-A63A-D0CB4BCEAAAD}
		{D338D577-B8BA-3381-90A9-A82FE1EDA41F} = {D338D577-B8BA-3381-90A9-A82FE1EDA41F}
	EndProjectSection
EndProject
Project("{8BC9CEB8-8B4A-11D0-8D11-00A0C91BC942}") = "gears", "examples\gears.vcxproj", "{1E53A541-8A07-39A7-BE7F-0F33EDB772F9}"
	ProjectSection(ProjectDependencies) = postProject
		{F486837A-1EF3-3A13-A63A-D0CB4BCEAAAD} = {F486837A-1EF3-3A13-A63A-D0CB4BCEAAAD}
		{D338D577-B8BA-3381-90A9-A82FE1EDA41F} = {D338D577-B8BA-3381-90A9-A82FE1EDA41F}
	EndProjectSection
EndProject
Project("{8BC9CEB8-8B4A-11D0-8D11-00A0C91BC942}") = "glfw", "src\glfw.vcxproj", "{D338D577-B8BA-3381-90A9-A82FE1EDA41F}"
	ProjectSection(ProjectDependencies) = postProject
		{F486837A-1EF3-3A13-A63A-D0CB4BCEAAAD} = {F486837A-1EF3-3A13-A63A-D0CB4BCEAAAD}
	EndProjectSection
EndProject
Project("{8BC9CEB8-8B4A-11D0-8D11-00A0C91BC942}") = "glfwinfo", "tests\glfwinfo.vcxproj", "{5B2D72BD-722B-3B43-9ADA-B23943F95270}"
	ProjectSection(ProjectDependencies) = postProject
		{F486837A-1EF3-3A13-A63A-D0CB4BCEAAAD} = {F486837A-1EF3-3A13-A63A-D0CB4BCEAAAD}
		{D338D577-B8BA-3381-90A9-A82FE1EDA41F} = {D338D577-B8BA-3381-90A9-A82FE1EDA41F}
	EndProjectSection
EndProject
Project("{8BC9CEB8-8B4A-11D0-8D11-00A0C91BC942}") = "heightmap", "examples\heightmap.vcxproj", "{44CBD734-78F8-3DA9-8B98-900D201C9C9D}"
	ProjectSection(ProjectDependencies) = postProject
		{F486837A-1EF3-3A13-A63A-D0CB4BCEAAAD} = {F486837A-1EF3-3A13-A63A-D0CB4BCEAAAD}
		{D338D577-B8BA-3381-90A9-A82FE1EDA41F} = {D338D577-B8BA-3381-90A9-A82FE1EDA41F}
	EndProjectSection
EndProject
Project("{8BC9CEB8-8B4A-11D0-8D11-00A0C91BC942}") = "icon", "tests\icon.vcxproj", "{F33FC637-A622-3E82-9B6F-BA6590FD45C3}"
	ProjectSection(ProjectDependencies) = postProject
		{F486837A-1EF3-3A13-A63A-D0CB4BCEAAAD} = {F486837A-1EF3-3A13-A63A-D0CB4BCEAAAD}
		{D338D577-B8BA-3381-90A9-A82FE1EDA41F} = {D338D577-B8BA-3381-90A9-A82FE1EDA41F}
	EndProjectSection
EndProject
Project("{8BC9CEB8-8B4A-11D0-8D11-00A0C91BC942}") = "iconify", "tests\iconify.vcxproj", "{578AA3BD-945B-3410-9FE3-7876C5D119F0}"
	ProjectSection(ProjectDependencies) = postProject
		{F486837A-1EF3-3A13-A63A-D0CB4BCEAAAD} = {F486837A-1EF3-3A13-A63A-D0CB4BCEAAAD}
		{D338D577-B8BA-3381-90A9-A82FE1EDA41F} = {D338D577-B8BA-3381-90A9-A82FE1EDA41F}
	EndProjectSection
EndProject
Project("{8BC9CEB8-8B4A-11D0-8D11-00A0C91BC942}") = "inputlag", "tests\inputlag.vcxproj", "{CDCCBD14-B1A6-3569-840D-CBD7DC1EA427}"
	ProjectSection(ProjectDependencies) = postProject
		{F486837A-1EF3-3A13-A63A-D0CB4BCEAAAD} = {F486837A-1EF3-3A13-A63A-D0CB4BCEAAAD}
		{D338D577-B8BA-3381-90A9-A82FE1EDA41F} = {D338D577-B8BA-3381-90A9-A82FE1EDA41F}
	EndProjectSection
EndProject
Project("{8BC9CEB8-8B4A-11D0-8D11-00A0C91BC942}") = "joysticks", "tests\joysticks.vcxproj", "{88235C15-BDB9-373E-8B16-C1E139087B8C}"
	ProjectSection(ProjectDependencies) = postProject
		{F486837A-1EF3-3A13-A63A-D0CB4BCEAAAD} = {F486837A-1EF3-3A13-A63A-D0CB4BCEAAAD}
		{D338D577-B8BA-3381-90A9-A82FE1EDA41F} = {D338D577-B8BA-3381-90A9-A82FE1EDA41F}
	EndProjectSection
EndProject
Project("{8BC9CEB8-8B4A-11D0-8D11-00A0C91BC942}") = "monitors", "tests\monitors.vcxproj", "{88CB7C1F-B7A2-3C7C-B790-EE0152D39AC0}"
	ProjectSection(ProjectDependencies) = postProject
		{F486837A-1EF3-3A13-A63A-D0CB4BCEAAAD} = {F486837A-1EF3-3A13-A63A-D0CB4BCEAAAD}
		{D338D577-B8BA-3381-90A9-A82FE1EDA41F} = {D338D577-B8BA-3381-90A9-A82FE1EDA41F}
	EndProjectSection
EndProject
Project("{8BC9CEB8-8B4A-11D0-8D11-00A0C91BC942}") = "msaa", "tests\msaa.vcxproj", "{1E767133-77E0-3034-9CD2-A9145C459C2D}"
	ProjectSection(ProjectDependencies) = postProject
		{F486837A-1EF3-3A13-A63A-D0CB4BCEAAAD} = {F486837A-1EF3-3A13-A63A-D0CB4BCEAAAD}
		{D338D577-B8BA-3381-90A9-A82FE1EDA41F} = {D338D577-B8BA-3381-90A9-A82FE1EDA41F}
	EndProjectSection
EndProject
Project("{8BC9CEB8-8B4A-11D0-8D11-00A0C91BC942}") = "offscreen", "examples\offscreen.vcxproj", "{7AAAD92C-27E1-3C2C-9EB5-B38FD9BA2DFF}"
	ProjectSection(ProjectDependencies) = postProject
		{F486837A-1EF3-3A13-A63A-D0CB4BCEAAAD} = {F486837A-1EF3-3A13-A63A-D0CB4BCEAAAD}
		{D338D577-B8BA-3381-90A9-A82FE1EDA41F} = {D338D577-B8BA-3381-90A9-A82FE1EDA41F}
	EndProjectSection
EndProject
Project("{8BC9CEB8-8B4A-11D0-8D11-00A0C91BC942}") = "particles", "examples\particles.vcxproj", "{E26DC107-D5E9-3A8A-BB87-7951BD3E9DDC}"
	ProjectSection(ProjectDependencies) = postProject
		{F486837A-1EF3-3A13-A63A-D0CB4BCEAAAD} = {F486837A-1EF3-3A13-A63A-D0CB4BCEAAAD}
		{D338D577-B8BA-3381-90A9-A82FE1EDA41F} = {D338D577-B8BA-3381-90A9-A82FE1EDA41F}
	EndProjectSection
EndProject
Project("{8BC9CEB8-8B4A-11D0-8D11-00A0C91BC942}") = "reopen", "tests\reopen.vcxproj", "{7173B07B-DAF4-3939-AE30-978E2DE9500F}"
	ProjectSection(ProjectDependencies) = postProject
		{F486837A-1EF3-3A13-A63A-D0CB4BCEAAAD} = {F486837A-1EF3-3A13-A63A-D0CB4BCEAAAD}
		{D338D577-B8BA-3381-90A9-A82FE1EDA41F} = {D338D577-B8BA-3381-90A9-A82FE1EDA41F}
	EndProjectSection
EndProject
Project("{8BC9CEB8-8B4A-11D0-8D11-00A0C91BC942}") = "sharing", "examples\sharing.vcxproj", "{6215F8B0-6B9F-3907-8F5D-D8BA48BD884D}"
	ProjectSection(ProjectDependencies) = postProject
		{F486837A-1EF3-3A13-A63A-D0CB4BCEAAAD} = {F486837A-1EF3-3A13-A63A-D0CB4BCEAAAD}
		{D338D577-B8BA-3381-90A9-A82FE1EDA41F} = {D338D577-B8BA-3381-90A9-A82FE1EDA41F}
	EndProjectSection
EndProject
Project("{8BC9CEB8-8B4A-11D0-8D11-00A0C91BC942}") = "splitview", "examples\splitview.vcxproj", "{3FFC577C-F1A1-30C3-B7B8-4404A6D19620}"
	ProjectSection(ProjectDependencies) = postProject
		{F486837A-1EF3-3A13-A63A-D0CB4BCEAAAD} = {F486837A-1EF3-3A13-A63A-D0CB4BCEAAAD}
		{D338D577-B8BA-3381-90A9-A82FE1EDA41F} = {D338D577-B8BA-3381-90A9-A82FE1EDA41F}
	EndProjectSection
EndProject
Project("{8BC9CEB8-8B4A-11D0-8D11-00A0C91BC942}") = "tearing", "tests\tearing.vcxproj", "{269DA313-5F18-3B6E-9B83-675479DE51D6}"
	ProjectSection(ProjectDependencies) = postProject
		{F486837A-1EF3-3A13-A63A-D0CB4BCEAAAD} = {F486837A-1EF3-3A13-A63A-D0CB4BCEAAAD}
		{D338D577-B8BA-3381-90A9-A82FE1EDA41F} = {D338D577-B8BA-3381-90A9-A82FE1EDA41F}
	EndProjectSection
EndProject
Project("{8BC9CEB8-8B4A-11D0-8D11-00A0C91BC942}") = "threads", "tests\threads.vcxproj", "{D833F6A9-AE74-3100-A016-60737F4715CA}"
	ProjectSection(ProjectDependencies) = postProject
		{F486837A-1EF3-3A13-A63A-D0CB4BCEAAAD} = {F486837A-1EF3-3A13-A63A-D0CB4BCEAAAD}
		{D338D577-B8BA-3381-90A9-A82FE1EDA41F} = {D338D577-B8BA-3381-90A9-A82FE1EDA41F}
	EndProjectSection
EndProject
Project("{8BC9CEB8-8B4A-11D0-8D11-00A0C91BC942}") = "timeout", "tests\timeout.vcxproj", "{4C1AE113-B886-3ECC-97AC-5C94CD61C1A7}"
	ProjectSection(ProjectDependencies) = postProject
		{F486837A-1EF3-3A13-A63A-D0CB4BCEAAAD} = {F486837A-1EF3-3A13-A63A-D0CB4BCEAAAD}
		{D338D577-B8BA-3381-90A9-A82FE1EDA41F} = {D338D577-B8BA-3381-90A9-A82FE1EDA41F}
	EndProjectSection
EndProject
Project("{8BC9CEB8-8B4A-11D0-8D11-00A0C91BC942}") = "title", "tests\title.vcxproj", "{F3CB746C-B6B0-398E-B665-E85B759B71ED}"
	ProjectSection(ProjectDependencies) = postProject
		{F486837A-1EF3-3A13-A63A-D0CB4BCEAAAD} = {F486837A-1EF3-3A13-A63A-D0CB4BCEAAAD}
		{D338D577-B8BA-3381-90A9-A82FE1EDA41F} = {D338D577-B8BA-3381-90A9-A82FE1EDA41F}
	EndProjectSection
EndProject
Project("{8BC9CEB8-8B4A-11D0-8D11-00A0C91BC942}") = "triangle-opengl", "examples\triangle-opengl.vcxproj", "{8E9BDB48-7A76-38DD-B3B7-A4E19279B50E}"
	ProjectSection(ProjectDependencies) = postProject
		{F486837A-1EF3-3A13-A63A-D0CB4BCEAAAD} = {F486837A-1EF3-3A13-A63A-D0CB4BCEAAAD}
		{D338D577-B8BA-3381-90A9-A82FE1EDA41F} = {D338D577-B8BA-3381-90A9-A82FE1EDA41F}
	EndProjectSection
EndProject
Project("{8BC9CEB8-8B4A-11D0-8D11-00A0C91BC942}") = "triangle-vulkan", "tests\triangle-vulkan.vcxproj", "{385E3B5B-BC5E-327C-BDCF-4A825599A792}"
	ProjectSection(ProjectDependencies) = postProject
		{F486837A-1EF3-3A13-A63A-D0CB4BCEAAAD} = {F486837A-1EF3-3A13-A63A-D0CB4BCEAAAD}
		{D338D577-B8BA-3381-90A9-A82FE1EDA41F} = {D338D577-B8BA-3381-90A9-A82FE1EDA41F}
	EndProjectSection
EndProject
Project("{8BC9CEB8-8B4A-11D0-8D11-00A0C91BC942}") = "uninstall", "uninstall.vcxproj", "{A55F4F87-4B2E-395F-914B-BE9FAE095BD8}"
	ProjectSection(ProjectDependencies) = postProject
		{F486837A-1EF3-3A13-A63A-D0CB4BCEAAAD} = {F486837A-1EF3-3A13-A63A-D0CB4BCEAAAD}
	EndProjectSection
EndProject
Project("{8BC9CEB8-8B4A-11D0-8D11-00A0C91BC942}") = "wave", "examples\wave.vcxproj", "{0403F5DC-4212-31F6-B9F0-C875A2B4308E}"
	ProjectSection(ProjectDependencies) = postProject
		{F486837A-1EF3-3A13-A63A-D0CB4BCEAAAD} = {F486837A-1EF3-3A13-A63A-D0CB4BCEAAAD}
		{D338D577-B8BA-3381-90A9-A82FE1EDA41F} = {D338D577-B8BA-3381-90A9-A82FE1EDA41F}
	EndProjectSection
EndProject
Project("{8BC9CEB8-8B4A-11D0-8D11-00A0C91BC942}") = "window", "tests\window.vcxproj", "{E068ADAA-00C0-3AE1-9E85-F9A7A4FD851D}"
	ProjectSection(ProjectDependencies) = postProject
		{F486837A-1EF3-3A13-A63A-D0CB4BCEAAAD} = {F486837A-1EF3-3A13-A63A-D0CB4BCEAAAD}
		{D338D577-B8BA-3381-90A9-A82FE1EDA41F} = {D338D577-B8BA-3381-90A9-A82FE1EDA41F}
	EndProjectSection
EndProject
Project("{8BC9CEB8-8B4A-11D0-8D11-00A0C91BC942}") = "windows", "examples\windows.vcxproj", "{371705EA-83AF-3E33-B325-5853B81395FE}"
	ProjectSection(ProjectDependencies) = postProject
		{F486837A-1EF3-3A13-A63A-D0CB4BCEAAAD} = {F486837A-1EF3-3A13-A63A-D0CB4BCEAAAD}
		{D338D577-B8BA-3381-90A9-A82FE1EDA41F} = {D338D577-B8BA-3381-90A9-A82FE1EDA41F}
	EndProjectSection
EndProject
Global
	GlobalSection(SolutionConfigurationPlatforms) = preSolution
		Debug|x64 = Debug|x64
		Release|x64 = Release|x64
		MinSizeRel|x64 = MinSizeRel|x64
		RelWithDebInfo|x64 = RelWithDebInfo|x64
	EndGlobalSection
	GlobalSection(ProjectConfigurationPlatforms) = postSolution
		{1AF62B0F-5CF0-3050-9532-7643D0D516B7}.Debug|x64.ActiveCfg = Debug|x64
		{1AF62B0F-5CF0-3050-9532-7643D0D516B7}.Debug|x64.Build.0 = Debug|x64
		{1AF62B0F-5CF0-3050-9532-7643D0D516B7}.Release|x64.ActiveCfg = Release|x64
		{1AF62B0F-5CF0-3050-9532-7643D0D516B7}.Release|x64.Build.0 = Release|x64
		{1AF62B0F-5CF0-3050-9532-7643D0D516B7}.MinSizeRel|x64.ActiveCfg = MinSizeRel|x64
		{1AF62B0F-5CF0-3050-9532-7643D0D516B7}.MinSizeRel|x64.Build.0 = MinSizeRel|x64
		{1AF62B0F-5CF0-3050-9532-7643D0D516B7}.RelWithDebInfo|x64.ActiveCfg = RelWithDebInfo|x64
		{1AF62B0F-5CF0-3050-9532-7643D0D516B7}.RelWithDebInfo|x64.Build.0 = RelWithDebInfo|x64
		{D30B319B-DC2D-3380-A407-1FD2C38C4828}.Debug|x64.ActiveCfg = Debug|x64
		{D30B319B-DC2D-3380-A407-1FD2C38C4828}.Release|x64.ActiveCfg = Release|x64
		{D30B319B-DC2D-3380-A407-1FD2C38C4828}.MinSizeRel|x64.ActiveCfg = MinSizeRel|x64
		{D30B319B-DC2D-3380-A407-1FD2C38C4828}.RelWithDebInfo|x64.ActiveCfg = RelWithDebInfo|x64
		{F486837A-1EF3-3A13-A63A-D0CB4BCEAAAD}.Debug|x64.ActiveCfg = Debug|x64
		{F486837A-1EF3-3A13-A63A-D0CB4BCEAAAD}.Debug|x64.Build.0 = Debug|x64
		{F486837A-1EF3-3A13-A63A-D0CB4BCEAAAD}.Release|x64.ActiveCfg = Release|x64
		{F486837A-1EF3-3A13-A63A-D0CB4BCEAAAD}.Release|x64.Build.0 = Release|x64
		{F486837A-1EF3-3A13-A63A-D0CB4BCEAAAD}.MinSizeRel|x64.ActiveCfg = MinSizeRel|x64
		{F486837A-1EF3-3A13-A63A-D0CB4BCEAAAD}.MinSizeRel|x64.Build.0 = MinSizeRel|x64
		{F486837A-1EF3-3A13-A63A-D0CB4BCEAAAD}.RelWithDebInfo|x64.ActiveCfg = RelWithDebInfo|x64
		{F486837A-1EF3-3A13-A63A-D0CB4BCEAAAD}.RelWithDebInfo|x64.Build.0 = RelWithDebInfo|x64
		{035B6218-3435-3388-AB66-95F107A01CC3}.Debug|x64.ActiveCfg = Debug|x64
		{035B6218-3435-3388-AB66-95F107A01CC3}.Debug|x64.Build.0 = Debug|x64
		{035B6218-3435-3388-AB66-95F107A01CC3}.Release|x64.ActiveCfg = Release|x64
		{035B6218-3435-3388-AB66-95F107A01CC3}.Release|x64.Build.0 = Release|x64
		{035B6218-3435-3388-AB66-95F107A01CC3}.MinSizeRel|x64.ActiveCfg = MinSizeRel|x64
		{035B6218-3435-3388-AB66-95F107A01CC3}.MinSizeRel|x64.Build.0 = MinSizeRel|x64
		{035B6218-3435-3388-AB66-95F107A01CC3}.RelWithDebInfo|x64.ActiveCfg = RelWithDebInfo|x64
		{035B6218-3435-3388-AB66-95F107A01CC3}.RelWithDebInfo|x64.Build.0 = RelWithDebInfo|x64
		{AB602A85-E89E-392F-8333-075500203596}.Debug|x64.ActiveCfg = Debug|x64
		{AB602A85-E89E-392F-8333-075500203596}.Debug|x64.Build.0 = Debug|x64
		{AB602A85-E89E-392F-8333-075500203596}.Release|x64.ActiveCfg = Release|x64
		{AB602A85-E89E-392F-8333-075500203596}.Release|x64.Build.0 = Release|x64
		{AB602A85-E89E-392F-8333-075500203596}.MinSizeRel|x64.ActiveCfg = MinSizeRel|x64
		{AB602A85-E89E-392F-8333-075500203596}.MinSizeRel|x64.Build.0 = MinSizeRel|x64
		{AB602A85-E89E-392F-8333-075500203596}.RelWithDebInfo|x64.ActiveCfg = RelWithDebInfo|x64
		{AB602A85-E89E-392F-8333-075500203596}.RelWithDebInfo|x64.Build.0 = RelWithDebInfo|x64
		{FCB18172-88A8-3636-BDB2-D7DE66D330B1}.Debug|x64.ActiveCfg = Debug|x64
		{FCB18172-88A8-3636-BDB2-D7DE66D330B1}.Debug|x64.Build.0 = Debug|x64
		{FCB18172-88A8-3636-BDB2-D7DE66D330B1}.Release|x64.ActiveCfg = Release|x64
		{FCB18172-88A8-3636-BDB2-D7DE66D330B1}.Release|x64.Build.0 = Release|x64
		{FCB18172-88A8-3636-BDB2-D7DE66D330B1}.MinSizeRel|x64.ActiveCfg = MinSizeRel|x64
		{FCB18172-88A8-3636-BDB2-D7DE66D330B1}.MinSizeRel|x64.Build.0 = MinSizeRel|x64
		{FCB18172-88A8-3636-BDB2-D7DE66D330B1}.RelWithDebInfo|x64.ActiveCfg = RelWithDebInfo|x64
		{FCB18172-88A8-3636-BDB2-D7DE66D330B1}.RelWithDebInfo|x64.Build.0 = RelWithDebInfo|x64
		{760F4149-7B9D-3EFE-B258-4DFB60E9A85B}.Debug|x64.ActiveCfg = Debug|x64
		{760F4149-7B9D-3EFE-B258-4DFB60E9A85B}.Debug|x64.Build.0 = Debug|x64
		{760F4149-7B9D-3EFE-B258-4DFB60E9A85B}.Release|x64.ActiveCfg = Release|x64
		{760F4149-7B9D-3EFE-B258-4DFB60E9A85B}.Release|x64.Build.0 = Release|x64
		{760F4149-7B9D-3EFE-B258-4DFB60E9A85B}.MinSizeRel|x64.ActiveCfg = MinSizeRel|x64
		{760F4149-7B9D-3EFE-B258-4DFB60E9A85B}.MinSizeRel|x64.Build.0 = MinSizeRel|x64
		{760F4149-7B9D-3EFE-B258-4DFB60E9A85B}.RelWithDebInfo|x64.ActiveCfg = RelWithDebInfo|x64
		{760F4149-7B9D-3EFE-B258-4DFB60E9A85B}.RelWithDebInfo|x64.Build.0 = RelWithDebInfo|x64
		{5AB4AC4D-5E30-328A-8656-99CF90610E1F}.Debug|x64.ActiveCfg = Debug|x64
		{5AB4AC4D-5E30-328A-8656-99CF90610E1F}.Debug|x64.Build.0 = Debug|x64
		{5AB4AC4D-5E30-328A-8656-99CF90610E1F}.Release|x64.ActiveCfg = Release|x64
		{5AB4AC4D-5E30-328A-8656-99CF90610E1F}.Release|x64.Build.0 = Release|x64
		{5AB4AC4D-5E30-328A-8656-99CF90610E1F}.MinSizeRel|x64.ActiveCfg = MinSizeRel|x64
		{5AB4AC4D-5E30-328A-8656-99CF90610E1F}.MinSizeRel|x64.Build.0 = MinSizeRel|x64
		{5AB4AC4D-5E30-328A-8656-99CF90610E1F}.RelWithDebInfo|x64.ActiveCfg = RelWithDebInfo|x64
		{5AB4AC4D-5E30-328A-8656-99CF90610E1F}.RelWithDebInfo|x64.Build.0 = RelWithDebInfo|x64
		{8B01AF89-46D5-3579-A2EC-800445D0B699}.Debug|x64.ActiveCfg = Debug|x64
		{8B01AF89-46D5-3579-A2EC-800445D0B699}.Debug|x64.Build.0 = Debug|x64
		{8B01AF89-46D5-3579-A2EC-800445D0B699}.Release|x64.ActiveCfg = Release|x64
		{8B01AF89-46D5-3579-A2EC-800445D0B699}.Release|x64.Build.0 = Release|x64
		{8B01AF89-46D5-3579-A2EC-800445D0B699}.MinSizeRel|x64.ActiveCfg = MinSizeRel|x64
		{8B01AF89-46D5-3579-A2EC-800445D0B699}.MinSizeRel|x64.Build.0 = MinSizeRel|x64
		{8B01AF89-46D5-3579-A2EC-800445D0B699}.RelWithDebInfo|x64.ActiveCfg = RelWithDebInfo|x64
		{8B01AF89-46D5-3579-A2EC-800445D0B699}.RelWithDebInfo|x64.Build.0 = RelWithDebInfo|x64
		{1E53A541-8A07-39A7-BE7F-0F33EDB772F9}.Debug|x64.ActiveCfg = Debug|x64
		{1E53A541-8A07-39A7-BE7F-0F33EDB772F9}.Debug|x64.Build.0 = Debug|x64
		{1E53A541-8A07-39A7-BE7F-0F33EDB772F9}.Release|x64.ActiveCfg = Release|x64
		{1E53A541-8A07-39A7-BE7F-0F33EDB772F9}.Release|x64.Build.0 = Release|x64
		{1E53A541-8A07-39A7-BE7F-0F33EDB772F9}.MinSizeRel|x64.ActiveCfg = MinSizeRel|x64
		{1E53A541-8A07-39A7-BE7F-0F33EDB772F9}.MinSizeRel|x64.Build.0 = MinSizeRel|x64
		{1E53A541-8A07-39A7-BE7F-0F33EDB772F9}.RelWithDebInfo|x64.ActiveCfg = RelWithDebInfo|x64
		{1E53A541-8A07-39A7-BE7F-0F33EDB772F9}.RelWithDebInfo|x64.Build.0 = RelWithDebInfo|x64
		{D338D577-B8BA-3381-90A9-A82FE1EDA41F}.Debug|x64.ActiveCfg = Debug|x64
		{D338D577-B8BA-3381-90A9-A82FE1EDA41F}.Debug|x64.Build.0 = Debug|x64
		{D338D577-B8BA-3381-90A9-A82FE1EDA41F}.Release|x64.ActiveCfg = Release|x64
		{D338D577-B8BA-3381-90A9-A82FE1EDA41F}.Release|x64.Build.0 = Release|x64
		{D338D577-B8BA-3381-90A9-A82FE1EDA41F}.MinSizeRel|x64.ActiveCfg = MinSizeRel|x64
		{D338D577-B8BA-3381-90A9-A82FE1EDA41F}.MinSizeRel|x64.Build.0 = MinSizeRel|x64
		{D338D577-B8BA-3381-90A9-A82FE1EDA41F}.RelWithDebInfo|x64.ActiveCfg = RelWithDebInfo|x64
		{D338D577-B8BA-3381-90A9-A82FE1EDA41F}.RelWithDebInfo|x64.Build.0 = RelWithDebInfo|x64
		{5B2D72BD-722B-3B43-9ADA-B23943F95270}.Debug|x64.ActiveCfg = Debug|x64
		{5B2D72BD-722B-3B43-9ADA-B23943F95270}.Debug|x64.Build.0 = Debug|x64
		{5B2D72BD-722B-3B43-9ADA-B23943F95270}.Release|x64.ActiveCfg = Release|x64
		{5B2D72BD-722B-3B43-9ADA-B23943F95270}.Release|x64.Build.0 = Release|x64
		{5B2D72BD-722B-3B43-9ADA-B23943F95270}.MinSizeRel|x64.ActiveCfg = MinSizeRel|x64
		{5B2D72BD-722B-3B43-9ADA-B23943F95270}.MinSizeRel|x64.Build.0 = MinSizeRel|x64
		{5B2D72BD-722B-3B43-9ADA-B23943F95270}.RelWithDebInfo|x64.ActiveCfg = RelWithDebInfo|x64
		{5B2D72BD-722B-3B43-9ADA-B23943F95270}.RelWithDebInfo|x64.Build.0 = RelWithDebInfo|x64
		{44CBD734-78F8-3DA9-8B98-900D201C9C9D}.Debug|x64.ActiveCfg = Debug|x64
		{44CBD734-78F8-3DA9-8B98-900D201C9C9D}.Debug|x64.Build.0 = Debug|x64
		{44CBD734-78F8-3DA9-8B98-900D201C9C9D}.Release|x64.ActiveCfg = Release|x64
		{44CBD734-78F8-3DA9-8B98-900D201C9C9D}.Release|x64.Build.0 = Release|x64
		{44CBD734-78F8-3DA9-8B98-900D201C9C9D}.MinSizeRel|x64.ActiveCfg = MinSizeRel|x64
		{44CBD734-78F8-3DA9-8B98-900D201C9C9D}.MinSizeRel|x64.Build.0 = MinSizeRel|x64
		{44CBD734-78F8-3DA9-8B98-900D201C9C9D}.RelWithDebInfo|x64.ActiveCfg = RelWithDebInfo|x64
		{44CBD734-78F8-3DA9-8B98-900D201C9C9D}.RelWithDebInfo|x64.Build.0 = RelWithDebInfo|x64
		{F33FC637-A622-3E82-9B6F-BA6590FD45C3}.Debug|x64.ActiveCfg = Debug|x64
		{F33FC637-A622-3E82-9B6F-BA6590FD45C3}.Debug|x64.Build.0 = Debug|x64
		{F33FC637-A622-3E82-9B6F-BA6590FD45C3}.Release|x64.ActiveCfg = Release|x64
		{F33FC637-A622-3E82-9B6F-BA6590FD45C3}.Release|x64.Build.0 = Release|x64
		{F33FC637-A622-3E82-9B6F-BA6590FD45C3}.MinSizeRel|x64.ActiveCfg = MinSizeRel|x64
		{F33FC637-A622-3E82-9B6F-BA6590FD45C3}.MinSizeRel|x64.Build.0 = MinSizeRel|x64
		{F33FC637-A622-3E82-9B6F-BA6590FD45C3}.RelWithDebInfo|x64.ActiveCfg = RelWithDebInfo|x64
		{F33FC637-A622-3E82-9B6F-BA6590FD45C3}.RelWithDebInfo|x64.Build.0 = RelWithDebInfo|x64
		{578AA3BD-945B-3410-9FE3-7876C5D119F0}.Debug|x64.ActiveCfg = Debug|x64
		{578AA3BD-945B-3410-9FE3-7876C5D119F0}.Debug|x64.Build.0 = Debug|x64
		{578AA3BD-945B-3410-9FE3-7876C5D119F0}.Release|x64.ActiveCfg = Release|x64
		{578AA3BD-945B-3410-9FE3-7876C5D119F0}.Release|x64.Build.0 = Release|x64
		{578AA3BD-945B-3410-9FE3-7876C5D119F0}.MinSizeRel|x64.ActiveCfg = MinSizeRel|x64
		{578AA3BD-945B-3410-9FE3-7876C5D119F0}.MinSizeRel|x64.Build.0 = MinSizeRel|x64
		{578AA3BD-945B-3410-9FE3-7876C5D119F0}.RelWithDebInfo|x64.ActiveCfg = RelWithDebInfo|x64
		{578AA3BD-945B-3410-9FE3-7876C5D119F0}.RelWithDebInfo|x64.Build.0 = RelWithDebInfo|x64
		{CDCCBD14-B1A6-3569-840D-CBD7DC1EA427}.Debug|x64.ActiveCfg = Debug|x64
		{CDCCBD14-B1A6-3569-840D-CBD7DC1EA427}.Debug|x64.Build.0 = Debug|x64
		{CDCCBD14-B1A6-3569-840D-CBD7DC1EA427}.Release|x64.ActiveCfg = Release|x64
		{CDCCBD14-B1A6-3569-840D-CBD7DC1EA427}.Release|x64.Build.0 = Release|x64
		{CDCCBD14-B1A6-3569-840D-CBD7DC1EA427}.MinSizeRel|x64.ActiveCfg = MinSizeRel|x64
		{CDCCBD14-B1A6-3569-840D-CBD7DC1EA427}.MinSizeRel|x64.Build.0 = MinSizeRel|x64
		{CDCCBD14-B1A6-3569-840D-CBD7DC1EA427}.RelWithDebInfo|x64.ActiveCfg = RelWithDebInfo|x64
		{CDCCBD14-B1A6-3569-840D-CBD7DC1EA427}.RelWithDebInfo|x64.Build.0 = RelWithDebInfo|x64
		{88235C15-BDB9-373E-8B16-C1E139087B8C}.Debug|x64.ActiveCfg = Debug|x64
		{88235C15-BDB9-373E-8B16-C1E139087B8C}.Debug|x64.Build.0 = Debug|x64
		{88235C15-BDB9-373E-8B16-C1E139087B8C}.Release|x64.ActiveCfg = Release|x64
		{88235C15-BDB9-373E-8B16-C1E139087B8C}.Release|x64.Build.0 = Release|x64
		{88235C15-BDB9-373E-8B16-C1E139087B8C}.MinSizeRel|x64.ActiveCfg = MinSizeRel|x64
		{88235C15-BDB9-373E-8B16-C1E139087B8C}.MinSizeRel|x64.Build.0 = MinSizeRel|x64
		{88235C15-BDB9-373E-8B16-C1E139087B8C}.RelWithDebInfo|x64.ActiveCfg = RelWithDebInfo|x64
		{88235C15-BDB9-373E-8B16-C1E139087B8C}.RelWithDebInfo|x64.Build.0 = RelWithDebInfo|x64
		{88CB7C1F-B7A2-3C7C-B790-EE0152D39AC0}.Debug|x64.ActiveCfg = Debug|x64
		{88CB7C1F-B7A2-3C7C-B790-EE0152D39AC0}.Debug|x64.Build.0 = Debug|x64
		{88CB7C1F-B7A2-3C7C-B790-EE0152D39AC0}.Release|x64.ActiveCfg = Release|x64
		{88CB7C1F-B7A2-3C7C-B790-EE0152D39AC0}.Release|x64.Build.0 = Release|x64
		{88CB7C1F-B7A2-3C7C-B790-EE0152D39AC0}.MinSizeRel|x64.ActiveCfg = MinSizeRel|x64
		{88CB7C1F-B7A2-3C7C-B790-EE0152D39AC0}.MinSizeRel|x64.Build.0 = MinSizeRel|x64
		{88CB7C1F-B7A2-3C7C-B790-EE0152D39AC0}.RelWithDebInfo|x64.ActiveCfg = RelWithDebInfo|x64
		{88CB7C1F-B7A2-3C7C-B790-EE0152D39AC0}.RelWithDebInfo|x64.Build.0 = RelWithDebInfo|x64
		{1E767133-77E0-3034-9CD2-A9145C459C2D}.Debug|x64.ActiveCfg = Debug|x64
		{1E767133-77E0-3034-9CD2-A9145C459C2D}.Debug|x64.Build.0 = Debug|x64
		{1E767133-77E0-3034-9CD2-A9145C459C2D}.Release|x64.ActiveCfg = Release|x64
		{1E767133-77E0-3034-9CD2-A9145C459C2D}.Release|x64.Build.0 = Release|x64
		{1E767133-77E0-3034-9CD2-A9145C459C2D}.MinSizeRel|x64.ActiveCfg = MinSizeRel|x64
		{1E767133-77E0-3034-9CD2-A9145C459C2D}.MinSizeRel|x64.Build.0 = MinSizeRel|x64
		{1E767133-77E0-3034-9CD2-A9145C459C2D}.RelWithDebInfo|x64.ActiveCfg = RelWithDebInfo|x64
		{1E767133-77E0-3034-9CD2-A9145C459C2D}.RelWithDebInfo|x64.Build.0 = RelWithDebInfo|x64
		{7AAAD92C-27E1-3C2C-9EB5-B38FD9BA2DFF}.Debug|x64.ActiveCfg = Debug|x64
		{7AAAD92C-27E1-3C2C-9EB5-B38FD9BA2DFF}.Debug|x64.Build.0 = Debug|x64
		{7AAAD92C-27E1-3C2C-9EB5-B38FD9BA2DFF}.Release|x64.ActiveCfg = Release|x64
		{7AAAD92C-27E1-3C2C-9EB5-B38FD9BA2DFF}.Release|x64.Build.0 = Release|x64
		{7AAAD92C-27E1-3C2C-9EB5-B38FD9BA2DFF}.MinSizeRel|x64.ActiveCfg = MinSizeRel|x64
		{7AAAD92C-27E1-3C2C-9EB5-B38FD9BA2DFF}.MinSizeRel|x64.Build.0 = MinSizeRel|x64
		{7AAAD92C-27E1-3C2C-9EB5-B38FD9BA2DFF}.RelWithDebInfo|x64.ActiveCfg = RelWithDebInfo|x64
		{7AAAD92C-27E1-3C2C-9EB5-B38FD9BA2DFF}.RelWithDebInfo|x64.Build.0 = RelWithDebInfo|x64
		{E26DC107-D5E9-3A8A-BB87-7951BD3E9DDC}.Debug|x64.ActiveCfg = Debug|x64
		{E26DC107-D5E9-3A8A-BB87-7951BD3E9DDC}.Debug|x64.Build.0 = Debug|x64
		{E26DC107-D5E9-3A8A-BB87-7951BD3E9DDC}.Release|x64.ActiveCfg = Release|x64
		{E26DC107-D5E9-3A8A-BB87-7951BD3E9DDC}.Release|x64.Build.0 = Release|x64
		{E26DC107-D5E9-3A8A-BB87-7951BD3E9DDC}.MinSizeRel|x64.ActiveCfg = MinSizeRel|x64
		{E26DC107-D5E9-3A8A-BB87-7951BD3E9DDC}.MinSizeRel|x64.Build.0 = MinSizeRel|x64
		{E26DC107-D5E9-3A8A-BB87-7951BD3E9DDC}.RelWithDebInfo|x64.ActiveCfg = RelWithDebInfo|x64
		{E26DC107-D5E9-3A8A-BB87-7951BD3E9DDC}.RelWithDebInfo|x64.Build.0 = RelWithDebInfo|x64
		{7173B07B-DAF4-3939-AE30-978E2DE9500F}.Debug|x64.ActiveCfg = Debug|x64
		{7173B07B-DAF4-3939-AE30-978E2DE9500F}.Debug|x64.Build.0 = Debug|x64
		{7173B07B-DAF4-3939-AE30-978E2DE9500F}.Release|x64.ActiveCfg = Release|x64
		{7173B07B-DAF4-3939-AE30-978E2DE9500F}.Release|x64.Build.0 = Release|x64
		{7173B07B-DAF4-3939-AE30-978E2DE9500F}.MinSizeRel|x64.ActiveCfg = MinSizeRel|x64
		{7173B07B-DAF4-3939-AE30-978E2DE9500F}.MinSizeRel|x64.Build.0 = MinSizeRel|x64
		{7173B07B-DAF4-3939-AE30-978E2DE9500F}.RelWithDebInfo|x64.ActiveCfg = RelWithDebInfo|x64
		{7173B07B-DAF4-3939-AE30-978E2DE9500F}.RelWithDebInfo|x64.Build.0 = RelWithDebInfo|x64
		{6215F8B0-6B9F-3907-8F5D-D8BA48BD884D}.Debug|x64.ActiveCfg = Debug|x64
		{6215F8B0-6B9F-3907-8F5D-D8BA48BD884D}.Debug|x64.Build.0 = Debug|x64
		{6215F8B0-6B9F-3907-8F5D-D8BA48BD884D}.Release|x64.ActiveCfg = Release|x64
		{6215F8B0-6B9F-3907-8F5D-D8BA48BD884D}.Release|x64.Build.0 = Release|x64
		{6215F8B0-6B9F-3907-8F5D-D8BA48BD884D}.MinSizeRel|x64.ActiveCfg = MinSizeRel|x64
		{6215F8B0-6B9F-3907-8F5D-D8BA48BD884D}.MinSizeRel|x64.Build.0 = MinSizeRel|x64
		{6215F8B0-6B9F-3907-8F5D-D8BA48BD884D}.RelWithDebInfo|x64.ActiveCfg = RelWithDebInfo|x64
		{6215F8B0-6B9F-3907-8F5D-D8BA48BD884D}.RelWithDebInfo|x64.Build.0 = RelWithDebInfo|x64
		{3FFC577C-F1A1-30C3-B7B8-4404A6D19620}.Debug|x64.ActiveCfg = Debug|x64
		{3FFC577C-F1A1-30C3-B7B8-4404A6D19620}.Debug|x64.Build.0 = Debug|x64
		{3FFC577C-F1A1-30C3-B7B8-4404A6D19620}.Release|x64.ActiveCfg = Release|x64
		{3FFC577C-F1A1-30C3-B7B8-4404A6D19620}.Release|x64.Build.0 = Release|x64
		{3FFC577C-F1A1-30C3-B7B8-4404A6D19620}.MinSizeRel|x64.ActiveCfg = MinSizeRel|x64
		{3FFC577C-F1A1-30C3-B7B8-4404A6D19620}.MinSizeRel|x64.Build.0 = MinSizeRel|x64
		{3FFC577C-F1A1-30C3-B7B8-4404A6D19620}.RelWithDebInfo|x64.ActiveCfg = RelWithDebInfo|x64
		{3FFC577C-F1A1-30C3-B7B8-4404A6D19620}.RelWithDebInfo|x64.Build.0 = RelWithDebInfo|x64
		{269DA313-5F18-3B6E-9B83-675479DE51D6}.Debug|x64.ActiveCfg = Debug|x64
		{269DA313-5F18-3B6E-9B83-675479DE51D6}.Debug|x64.Build.0 = Debug|x64
		{269DA313-5F18-3B6E-9B83-675479DE51D6}.Release|x64.ActiveCfg = Release|x64
		{269DA313-5F18-3B6E-9B83-675479DE51D6}.Release|x64.Build.0 = Release|x64
		{269DA313-5F18-3B6E-9B83-675479DE51D6}.MinSizeRel|x64.ActiveCfg = MinSizeRel|x64
		{269DA313-5F18-3B6E-9B83-675479DE51D6}.MinSizeRel|x64.Build.0 = MinSizeRel|x64
		{269DA313-5F18-3B6E-9B83-675479DE51D6}.RelWithDebInfo|x64.ActiveCfg = RelWithDebInfo|x64
		{269DA313-5F18-3B6E-9B83-675479DE51D6}.RelWithDebInfo|x64.Build.0 = RelWithDebInfo|x64
		{D833F6A9-AE74-3100-A016-60737F4715CA}.Debug|x64.ActiveCfg = Debug|x64
		{D833F6A9-AE74-3100-A016-60737F4715CA}.Debug|x64.Build.0 = Debug|x64
		{D833F6A9-AE74-3100-A016-60737F4715CA}.Release|x64.ActiveCfg = Release|x64
		{D833F6A9-AE74-3100-A016-60737F4715CA}.Release|x64.Build.0 = Release|x64
		{D833F6A9-AE74-3100-A016-60737F4715CA}.MinSizeRel|x64.ActiveCfg = MinSizeRel|x64
		{D833F6A9-AE74-3100-A016-60737F4715CA}.MinSizeRel|x64.Build.0 = MinSizeRel|x64
		{D833F6A9-AE74-3100-A016-60737F4715CA}.RelWithDebInfo|x64.ActiveCfg = RelWithDebInfo|x64
		{D833F6A9-AE74-3100-A016-60737F4715CA}.RelWithDebInfo|x64.Build.0 = RelWithDebInfo|x64
		{4C1AE113-B886-3ECC-97AC-5C94CD61C1A7}.Debug|x64.ActiveCfg = Debug|x64
		{4C1AE113-B886-3ECC-97AC-5C94CD61C1A7}.Debug|x64.Build.0 = Debug|x64
		{4C1AE113-B886-3ECC-97AC-5C94CD61C1A7}.Release|x64.ActiveCfg = Release|x64
		{4C1AE113-B886-3ECC-97AC-5C94CD61C1A7}.Release|x64.Build.0 = Release|x64
		{4C1AE113-B886-3ECC-97AC-5C94CD61C1A7}.MinSizeRel|x64.ActiveCfg = MinSizeRel|x64
		{4C1AE113-B886-3ECC-97AC-5C94CD61C1A7}.MinSizeRel|x64.Build.0 = MinSizeRel|x64
		{4C1AE113-B886-3ECC-97AC-5C94CD61C1A7}.RelWithDebInfo|x64.ActiveCfg = RelWithDebInfo|x64
		{4C1AE113-B886-3ECC-97AC-5C94CD61C1A7}.RelWithDebInfo|x64.Build.0 = RelWithDebInfo|x64
		{F3CB746C-B6B0-398E-B665-E85B759B71ED}.Debug|x64.ActiveCfg = Debug|x64
		{F3CB746C-B6B0-398E-B665-E85B759B71ED}.Debug|x64.Build.0 = Debug|x64
		{F3CB746C-B6B0-398E-B665-E85B759B71ED}.Release|x64.ActiveCfg = Release|x64
		{F3CB746C-B6B0-398E-B665-E85B759B71ED}.Release|x64.Build.0 = Release|x64
		{F3CB746C-B6B0-398E-B665-E85B759B71ED}.MinSizeRel|x64.ActiveCfg = MinSizeRel|x64
		{F3CB746C-B6B0-398E-B665-E85B759B71ED}.MinSizeRel|x64.Build.0 = MinSizeRel|x64
		{F3CB746C-B6B0-398E-B665-E85B759B71ED}.RelWithDebInfo|x64.ActiveCfg = RelWithDebInfo|x64
		{F3CB746C-B6B0-398E-B665-E85B759B71ED}.RelWithDebInfo|x64.Build.0 = RelWithDebInfo|x64
		{8E9BDB48-7A76-38DD-B3B7-A4E19279B50E}.Debug|x64.ActiveCfg = Debug|x64
		{8E9BDB48-7A76-38DD-B3B7-A4E19279B50E}.Debug|x64.Build.0 = Debug|x64
		{8E9BDB48-7A76-38DD-B3B7-A4E19279B50E}.Release|x64.ActiveCfg = Release|x64
		{8E9BDB48-7A76-38DD-B3B7-A4E19279B50E}.Release|x64.Build.0 = Release|x64
		{8E9BDB48-7A76-38DD-B3B7-A4E19279B50E}.MinSizeRel|x64.ActiveCfg = MinSizeRel|x64
		{8E9BDB48-7A76-38DD-B3B7-A4E19279B50E}.MinSizeRel|x64.Build.0 = MinSizeRel|x64
		{8E9BDB48-7A76-38DD-B3B7-A4E19279B50E}.RelWithDebInfo|x64.ActiveCfg = RelWithDebInfo|x64
		{8E9BDB48-7A76-38DD-B3B7-A4E19279B50E}.RelWithDebInfo|x64.Build.0 = RelWithDebInfo|x64
		{385E3B5B-BC5E-327C-BDCF-4A825599A792}.Debug|x64.ActiveCfg = Debug|x64
		{385E3B5B-BC5E-327C-BDCF-4A825599A792}.Debug|x64.Build.0 = Debug|x64
		{385E3B5B-BC5E-327C-BDCF-4A825599A792}.Release|x64.ActiveCfg = Release|x64
		{385E3B5B-BC5E-327C-BDCF-4A825599A792}.Release|x64.Build.0 = Release|x64
		{385E3B5B-BC5E-327C-BDCF-4A825599A792}.MinSizeRel|x64.ActiveCfg = MinSizeRel|x64
		{385E3B5B-BC5E-327C-BDCF-4A825599A792}.MinSizeRel|x64.Build.0 = MinSizeRel|x64
		{385E3B5B-BC5E-327C-BDCF-4A825599A792}.RelWithDebInfo|x64.ActiveCfg = RelWithDebInfo|x64
		{385E3B5B-BC5E-327C-BDCF-4A825599A792}.RelWithDebInfo|x64.Build.0 = RelWithDebInfo|x64
		{A55F4F87-4B2E-395F-914B-BE9FAE095BD8}.Debug|x64.ActiveCfg = Debug|x64
		{A55F4F87-4B2E-395F-914B-BE9FAE095BD8}.Release|x64.ActiveCfg = Release|x64
		{A55F4F87-4B2E-395F-914B-BE9FAE095BD8}.MinSizeRel|x64.ActiveCfg = MinSizeRel|x64
		{A55F4F87-4B2E-395F-914B-BE9FAE095BD8}.RelWithDebInfo|x64.ActiveCfg = RelWithDebInfo|x64
		{0403F5DC-4212-31F6-B9F0-C875A2B4308E}.Debug|x64.ActiveCfg = Debug|x64
		{0403F5DC-4212-31F6-B9F0-C875A2B4308E}.Debug|x64.Build.0 = Debug|x64
		{0403F5DC-4212-31F6-B9F0-C875A2B4308E}.Release|x64.ActiveCfg = Release|x64
		{0403F5DC-4212-31F6-B9F0-C875A2B4308E}.Release|x64.Build.0 = Release|x64
		{0403F5DC-4212-31F6-B9F0-C875A2B4308E}.MinSizeRel|x64.ActiveCfg = MinSizeRel|x64
		{0403F5DC-4212-31F6-B9F0-C875A2B4308E}.MinSizeRel|x64.Build.0 = MinSizeRel|x64
		{0403F5DC-4212-31F6-B9F0-C875A2B4308E}.RelWithDebInfo|x64.ActiveCfg = RelWithDebInfo|x64
		{0403F5DC-4212-31F6-B9F0-C875A2B4308E}.RelWithDebInfo|x64.Build.0 = RelWithDebInfo|x64
		{E068ADAA-00C0-3AE1-9E85-F9A7A4FD851D}.Debug|x64.ActiveCfg = Debug|x64
		{E068ADAA-00C0-3AE1-9E85-F9A7A4FD851D}.Debug|x64.Build.0 = Debug|x64
		{E068ADAA-00C0-3AE1-9E85-F9A7A4FD851D}.Release|x64.ActiveCfg = Release|x64
		{E068ADAA-00C0-3AE1-9E85-F9A7A4FD851D}.Release|x64.Build.0 = Release|x64
		{E068ADAA-00C0-3AE1-9E85-F9A7A4FD851D}.MinSizeRel|x64.ActiveCfg = MinSizeRel|x64
		{E068ADAA-00C0-3AE1-9E85-F9A7A4FD851D}.MinSizeRel|x64.Build.0 = MinSizeRel|x64
		{E068ADAA-00C0-3AE1-9E85-F9A7A4FD851D}.RelWithDebInfo|x64.ActiveCfg = RelWithDebInfo|x64
		{E068ADAA-00C0-3AE1-9E85-F9A7A4FD851D}.RelWithDebInfo|x64.Build.0 = RelWithDebInfo|x64
		{371705EA-83AF-3E33-B325-5853B81395FE}.Debug|x64.ActiveCfg = Debug|x64
		{371705EA-83AF-3E33-B325-5853B81395FE}.Debug|x64.Build.0 = Debug|x64
		{371705EA-83AF-3E33-B325-5853B81395FE}.Release|x64.ActiveCfg = Release|x64
		{371705EA-83AF-3E33-B325-5853B81395FE}.Release|x64.Build.0 = Release|x64
		{371705EA-83AF-3E33-B325-5853B81395FE}.MinSizeRel|x64.ActiveCfg = MinSizeRel|x64
		{371705EA-83AF-3E33-B325-5853B81395FE}.MinSizeRel|x64.Build.0 = MinSizeRel|x64
		{371705EA-83AF-3E33-B325-5853B81395FE}.RelWithDebInfo|x64.ActiveCfg = RelWithDebInfo|x64
		{371705EA-83AF-3E33-B325-5853B81395FE}.RelWithDebInfo|x64.Build.0 = RelWithDebInfo|x64
	EndGlobalSection
	GlobalSection(NestedProjects) = preSolution
		{1AF62B0F-5CF0-3050-9532-7643D0D516B7} = {60F8D11A-EBDE-305B-BBD8-ACBFF1C4802E}
		{D30B319B-DC2D-3380-A407-1FD2C38C4828} = {60F8D11A-EBDE-305B-BBD8-ACBFF1C4802E}
		{F486837A-1EF3-3A13-A63A-D0CB4BCEAAAD} = {60F8D11A-EBDE-305B-BBD8-ACBFF1C4802E}
		{13D6F577-D60D-3CBC-AAA7-84CE1E440557} = {269655F6-8DF7-3347-95CD-ABA206A3EB95}
		{2B946B1A-D590-3281-9D4F-7E927B40E8B2} = {269655F6-8DF7-3347-95CD-ABA206A3EB95}
		{D338D577-B8BA-3381-90A9-A82FE1EDA41F} = {269655F6-8DF7-3347-95CD-ABA206A3EB95}
		{A55F4F87-4B2E-395F-914B-BE9FAE095BD8} = {269655F6-8DF7-3347-95CD-ABA206A3EB95}
		{035B6218-3435-3388-AB66-95F107A01CC3} = {13D6F577-D60D-3CBC-AAA7-84CE1E440557}
		{1E53A541-8A07-39A7-BE7F-0F33EDB772F9} = {13D6F577-D60D-3CBC-AAA7-84CE1E440557}
		{44CBD734-78F8-3DA9-8B98-900D201C9C9D} = {13D6F577-D60D-3CBC-AAA7-84CE1E440557}
		{7AAAD92C-27E1-3C2C-9EB5-B38FD9BA2DFF} = {13D6F577-D60D-3CBC-AAA7-84CE1E440557}
		{E26DC107-D5E9-3A8A-BB87-7951BD3E9DDC} = {13D6F577-D60D-3CBC-AAA7-84CE1E440557}
		{6215F8B0-6B9F-3907-8F5D-D8BA48BD884D} = {13D6F577-D60D-3CBC-AAA7-84CE1E440557}
		{3FFC577C-F1A1-30C3-B7B8-4404A6D19620} = {13D6F577-D60D-3CBC-AAA7-84CE1E440557}
		{8E9BDB48-7A76-38DD-B3B7-A4E19279B50E} = {13D6F577-D60D-3CBC-AAA7-84CE1E440557}
		{0403F5DC-4212-31F6-B9F0-C875A2B4308E} = {13D6F577-D60D-3CBC-AAA7-84CE1E440557}
		{371705EA-83AF-3E33-B325-5853B81395FE} = {13D6F577-D60D-3CBC-AAA7-84CE1E440557}
		{AB602A85-E89E-392F-8333-075500203596} = {2B946B1A-D590-3281-9D4F-7E927B40E8B2}
		{FCB18172-88A8-3636-BDB2-D7DE66D330B1} = {2B946B1A-D590-3281-9D4F-7E927B40E8B2}
		{760F4149-7B9D-3EFE-B258-4DFB60E9A85B} = {2B946B1A-D590-3281-9D4F-7E927B40E8B2}
		{5AB4AC4D-5E30-328A-8656-99CF90610E1F} = {2B946B1A-D590-3281-9D4F-7E927B40E8B2}
		{8B01AF89-46D5-3579-A2EC-800445D0B699} = {2B946B1A-D590-3281-9D4F-7E927B40E8B2}
		{5B2D72BD-722B-3B43-9ADA-B23943F95270} = {2B946B1A-D590-3281-9D4F-7E927B40E8B2}
		{F33FC637-A622-3E82-9B6F-BA6590FD45C3} = {2B946B1A-D590-3281-9D4F-7E927B40E8B2}
		{578AA3BD-945B-3410-9FE3-7876C5D119F0} = {2B946B1A-D590-3281-9D4F-7E927B40E8B2}
		{CDCCBD14-B1A6-3569-840D-CBD7DC1EA427} = {2B946B1A-D590-3281-9D4F-7E927B40E8B2}
		{88235C15-BDB9-373E-8B16-C1E139087B8C} = {2B946B1A-D590-3281-9D4F-7E927B40E8B2}
		{88CB7C1F-B7A2-3C7C-B790-EE0152D39AC0} = {2B946B1A-D590-3281-9D4F-7E927B40E8B2}
		{1E767133-77E0-3034-9CD2-A9145C459C2D} = {2B946B1A-D590-3281-9D4F-7E927B40E8B2}
		{7173B07B-DAF4-3939-AE30-978E2DE9500F} = {2B946B1A-D590-3281-9D4F-7E927B40E8B2}
		{269DA313-5F18-3B6E-9B83-675479DE51D6} = {2B946B1A-D590-3281-9D4F-7E927B40E8B2}
		{D833F6A9-AE74-3100-A016-60737F4715CA} = {2B946B1A-D590-3281-9D4F-7E927B40E8B2}
		{4C1AE113-B886-3ECC-97AC-5C94CD61C1A7} = {2B946B1A-D590-3281-9D4F-7E927B40E8B2}
		{F3CB746C-B6B0-398E-B665-E85B759B71ED} = {2B946B1A-D590-3281-9D4F-7E927B40E8B2}
		{385E3B5B-BC5E-327C-BDCF-4A825599A792} = {2B946B1A-D590-3281-9D4F-7E927B40E8B2}
		{E068ADAA-00C0-3AE1-9E85-F9A7A4FD851D} = {2B946B1A-D590-3281-9D4F-7E927B40E8B2}
	EndGlobalSection
	GlobalSection(ExtensibilityGlobals) = postSolution
		SolutionGuid = {87CFE37E-F78B-3F76-943E-C3CF895B1F83}
	EndGlobalSection
	GlobalSection(ExtensibilityAddIns) = postSolution
	EndGlobalSection
EndGlobal
